<?xml version="1.0" encoding="UTF-8"?>
<Scheme
   LastUpgradeVersion = "2620"
   version = "1.7">
   <BuildAction
      parallelizeBuildables = "YES"
      buildImplicitDependencies = "YES">
      <PreActions>
         <ExecutionAction
            ActionType = "Xcode.IDEStandardExecutionActionsCore.ExecutionActionType.ShellScriptAction">
            <ActionContent
               title = "Prune stale test plug-ins"
               scriptText = "APP_BUNDLE=&quot;${TARGET_BUILD_DIR}/${FULL_PRODUCT_NAME}&quot;&#10;if [ -d &quot;${APP_BUNDLE}/Contents/PlugIns&quot; ]; then&#10;  /bin/rm -rf &quot;${APP_BUNDLE}/Contents/PlugIns&quot;&#10;fi">
               <EnvironmentBuildable>
                  <BuildableReference
                     BuildableIdentifier = "primary"
                     BlueprintIdentifier = "460202422F2814250040B043"
                     BuildableName = "PHTV.app"
                     BlueprintName = "PHTV"
                     ReferencedContainer = "container:PHTV.xcodeproj">
                  </BuildableReference>
               </EnvironmentBuildable>
            </ActionContent>
         </ExecutionAction>
      </PreActions>
      <BuildActionEntries>
         <BuildActionEntry
            buildForTesting = "YES"
            buildForRunning = "YES"
            buildForProfiling = "YES"
            buildForArchiving = "YES"
            buildForAnalyzing = "YES">
            <BuildableReference
               BuildableIdentifier = "primary"
               BlueprintIdentifier = "460202422F2814250040B043"
               BuildableName = "PHTV.app"
               BlueprintName = "PHTV"
               ReferencedContainer = "container:PHTV.xcodeproj">
            </BuildableReference>
         </BuildActionEntry>
         <BuildActionEntry
            buildForTesting = "YES"
            buildForRunning = "NO"
            buildForProfiling = "NO"
            buildForArchiving = "NO"
            buildForAnalyzing = "NO">
            <BuildableReference
               BuildableIdentifier = "primary"
               BlueprintIdentifier = "46020A032F3000000040B043"
               BuildableName = "PHEngineTests.xctest"
               BlueprintName = "PHEngineTests"
               ReferencedContainer = "container:PHTV.xcodeproj">
            </BuildableReference>
         </BuildActionEntry>
      </BuildActionEntries>
   </BuildAction>
   <TestAction
      buildConfiguration = "Debug"
      selectedDebuggerIdentifier = "Xcode.DebuggerFoundation.Debugger.LLDB"
      selectedLauncherIdentifier = "Xcode.DebuggerFoundation.Launcher.LLDB"
      shouldUseLaunchSchemeArgsEnv = "YES">
      <PreActions>
         <ExecutionAction
            ActionType = "Xcode.IDEStandardExecutionActionsCore.ExecutionActionType.ShellScriptAction">
            <ActionContent
               title = "Stop running host before tests"
               scriptText = "#!/bin/sh&#10;# App-hosted XCTest can fail to launch if an existing app instance is running.&#10;/usr/bin/osascript -e 'tell application id &quot;com.phamhungtien.phtv&quot; to quit' >/dev/null 2>&amp;1 || true&#10;/usr/bin/pkill -f '/PHTV.app/Contents/MacOS/PHTV' >/dev/null 2>&amp;1 || true&#10;/usr/bin/pkill -f 'Sparkle.framework/.*/Autoupdate' >/dev/null 2>&amp;1 || true&#10;/usr/bin/pkill -f 'org.sparkle-project.Sparkle/Launcher/.*/Updater.app/Contents/MacOS/Updater' >/dev/null 2>&amp;1 || true">
               <EnvironmentBuildable>
                  <BuildableReference
                     BuildableIdentifier = "primary"
                     BlueprintIdentifier = "460202422F2814250040B043"
                     BuildableName = "PHTV.app"
                     BlueprintName = "PHTV"
                     ReferencedContainer = "container:PHTV.xcodeproj">
                  </BuildableReference>
               </EnvironmentBuildable>
            </ActionContent>
         </ExecutionAction>
      </PreActions>
      <Testables>
         <TestableReference
            skipped = "NO">
            <BuildableReference
               BuildableIdentifier = "primary"
               BlueprintIdentifier = "46020A032F3000000040B043"
               BuildableName = "PHEngineTests.xctest"
               BlueprintName = "PHEngineTests"
               ReferencedContainer = "container:PHTV.xcodeproj">
            </BuildableReference>
         </TestableReference>
      </Testables>
   </TestAction>
   <LaunchAction
      buildConfiguration = "Debug"
      selectedDebuggerIdentifier = "Xcode.DebuggerFoundation.Debugger.LLDB"
      selectedLauncherIdentifier = "Xcode.DebuggerFoundation.Launcher.LLDB"
      launchStyle = "0"
      useCustomWorkingDirectory = "NO"
      ignoresPersistentStateOnLaunch = "NO"
      debugDocumentVersioning = "YES"
      debugServiceExtension = "internal"
      allowLocationSimulation = "YES">
      <BuildableProductRunnable
         runnableDebuggingMode = "0">
         <BuildableReference
            BuildableIdentifier = "primary"
            BlueprintIdentifier = "460202422F2814250040B043"
            BuildableName = "PHTV.app"
            BlueprintName = "PHTV"
            ReferencedContainer = "container:PHTV.xcodeproj">
         </BuildableReference>
      </BuildableProductRunnable>
   </LaunchAction>
   <ProfileAction
      buildConfiguration = "Release"
      shouldUseLaunchSchemeArgsEnv = "YES"
      savedToolIdentifier = ""
      useCustomWorkingDirectory = "NO"
      debugDocumentVersioning = "YES">
      <BuildableProductRunnable
         runnableDebuggingMode = "0">
         <BuildableReference
            BuildableIdentifier = "primary"
            BlueprintIdentifier = "460202422F2814250040B043"
            BuildableName = "PHTV.app"
            BlueprintName = "PHTV"
            ReferencedContainer = "container:PHTV.xcodeproj">
         </BuildableReference>
      </BuildableProductRunnable>
   </ProfileAction>
   <AnalyzeAction
      buildConfiguration = "Debug">
   </AnalyzeAction>
   <ArchiveAction
      buildConfiguration = "Release"
      revealArchiveInOrganizer = "YES">
   </ArchiveAction>
</Scheme>
