<Solution>
  <Folder Name="/src/">
    <Project Path="src/PHTV.Windows.App/PHTV.Windows.App.csproj" />
    <Project Path="src/PHTV.Windows.Contracts/PHTV.Windows.Contracts.csproj" />
    <Project Path="src/PHTV.Windows.CoreBridge/PHTV.Windows.CoreBridge.vcxproj" />
    <Project Path="src/PHTV.Windows.IME/PHTV.Windows.IME.vcxproj" />
  </Folder>
  <Folder Name="/tests/">
    <Project Path="tests/PHTV.Windows.CoreBridge.Tests/PHTV.Windows.CoreBridge.Tests.vcxproj" />
    <Project Path="tests/PHTV.Windows.Contracts.Tests/PHTV.Windows.Contracts.Tests.csproj" />
    <Project Path="tests/PHTV.Windows.SettingsSnapshot.Tests/PHTV.Windows.SettingsSnapshot.Tests.vcxproj" />
  </Folder>
</Solution>
