// !$*UTF8*$!
{
	archiveVersion = 1;
	classes = {
	};
	objectVersion = 54;
	objects = {

/* Begin PBXBuildFile section */
		015CCFFEF0134F81976FCAB6 /* HotkeySettingsView.swift in Sources */ = {isa = PBXBuildFile; fileRef = D3CCE6686B954309A3B65AAD /* HotkeySettingsView.swift */; };
		020D2C9970888E364BF34981 /* AppState.swift in Sources */ = {isa = PBXBuildFile; fileRef = F3E15DDA71B387CD0639493F /* AppState.swift */; };
		0D5084B3411F5119D468D80E /* CompatibilitySettingsView.swift in Sources */ = {isa = PBXBuildFile; fileRef = 72B4F8A52F8DD55EF170821A /* CompatibilitySettingsView.swift */; };
		0F415974F6B1D1BF7401695B /* EmojiPickerManager.swift in Sources */ = {isa = PBXBuildFile; fileRef = D211AB0354C9DBCE44ED2062 /* EmojiPickerManager.swift */; };
		11F95F0F93E3770C57A5D9C0 /* GIFOnlyView.swift in Sources */ = {isa = PBXBuildFile; fileRef = C4CEF88A4B3F8A497ADD2444 /* GIFOnlyView.swift */; };
		16B982F63741372BF590C264 /* PHSilentUserDriver.m in Sources */ = {isa = PBXBuildFile; fileRef = 1366D9FE4F6A7BBD6B32B8BE /* PHSilentUserDriver.m */; };
		18A38599C93D75F8363E979C /* AnimatedGIFView.swift in Sources */ = {isa = PBXBuildFile; fileRef = 91463AD883518504EED880BB /* AnimatedGIFView.swift */; };
		1A2F2DF299D4FD6F60AAB963 /* KeyModels.swift in Sources */ = {isa = PBXBuildFile; fileRef = D15404E79E3FAB407D4F065D /* KeyModels.swift */; };
		20A30E70D92BD4559B80436F /* UpdateModels.swift in Sources */ = {isa = PBXBuildFile; fileRef = 1498B293675600E929EBB555 /* UpdateModels.swift */; };
		232EDA5921F1B33E0085D362 /* AppDelegate.mm in Sources */ = {isa = PBXBuildFile; fileRef = 232EDA5821F1B33E0085D362 /* AppDelegate.mm */; };
		232EDA5E21F1B33F0085D362 /* Assets.xcassets in Resources */ = {isa = PBXBuildFile; fileRef = 232EDA5D21F1B33F0085D362 /* Assets.xcassets */; };
		233C4A6E231F923D00DD7052 /* AppKit.framework in Frameworks */ = {isa = PBXBuildFile; fileRef = 233C4A6D231F923D00DD7052 /* AppKit.framework */; };
		233C4A70231F937900DD7052 /* ConvertTool.cpp in Sources */ = {isa = PBXBuildFile; fileRef = 233C4A6F231F937900DD7052 /* ConvertTool.cpp */; };
		2371AAEF22FA85B200CA1B57 /* PHTV.mm in Sources */ = {isa = PBXBuildFile; fileRef = 2371AAEE22FA85B200CA1B57 /* PHTV.mm */; };
		238519F821F1BF3C00E79A41 /* Foundation.framework in Frameworks */ = {isa = PBXBuildFile; fileRef = 238519F221F1B8E200E79A41 /* Foundation.framework */; };
		238519FF21F1BF8A00E79A41 /* EventKit.framework in Frameworks */ = {isa = PBXBuildFile; fileRef = 238519FD21F1BF5100E79A41 /* EventKit.framework */; };
		23851A0021F1BFA300E79A41 /* Cocoa.framework in Frameworks */ = {isa = PBXBuildFile; fileRef = 238519FB21F1BF4900E79A41 /* Cocoa.framework */; };
		23851A0121F1C1A400E79A41 /* CoreGraphics.framework in Frameworks */ = {isa = PBXBuildFile; fileRef = 238519F921F1BF4400E79A41 /* CoreGraphics.framework */; };
		2389467D21FDDB920030A13B /* PHTVManager.m in Sources */ = {isa = PBXBuildFile; fileRef = 2389467C21FDDB920030A13B /* PHTVManager.m */; };
		23963B5022040C720097189E /* ServiceManagement.framework in Frameworks */ = {isa = PBXBuildFile; fileRef = 23963B4F22040C720097189E /* ServiceManagement.framework */; };
		23E2E49D2314FD3A006CCC3E /* Macro.cpp in Sources */ = {isa = PBXBuildFile; fileRef = 23E2E4952314FD3A006CCC3E /* Macro.cpp */; };
		23E2E49E2314FD3A006CCC3E /* SmartSwitchKey.cpp in Sources */ = {isa = PBXBuildFile; fileRef = 23E2E4982314FD3A006CCC3E /* SmartSwitchKey.cpp */; };
		23E2E49F2314FD3A006CCC3E /* Engine.cpp in Sources */ = {isa = PBXBuildFile; fileRef = 23E2E49A2314FD3A006CCC3E /* Engine.cpp */; };
		23E2E4A02314FD3A006CCC3E /* Vietnamese.cpp in Sources */ = {isa = PBXBuildFile; fileRef = 23E2E49B2314FD3A006CCC3E /* Vietnamese.cpp */; };
		23F512852336386200397988 /* MJAccessibilityUtils.m in Sources */ = {isa = PBXBuildFile; fileRef = 23F512832336386200397988 /* MJAccessibilityUtils.m */; };
		24999C8F7B5E4738863DF5ED /* Constants.swift in Sources */ = {isa = PBXBuildFile; fileRef = B8CED3963BA54D7AB9CEFE6E /* Constants.swift */; };
		2CA3F1C734453D6C382C9FD9 /* InputModels.swift in Sources */ = {isa = PBXBuildFile; fileRef = 990B0144306ECDAF3CBFEA13 /* InputModels.swift */; };
		3530750AF0ABC7A8ABF8B48A /* MediaStorageHelper.swift in Sources */ = {isa = PBXBuildFile; fileRef = 68D7ABD6D4D0E226B22794A2 /* MediaStorageHelper.swift */; };
		3FA00BB1220A49AFAB1F902A /* InputMethodState.swift in Sources */ = {isa = PBXBuildFile; fileRef = 1273F78C8F894BE4B378851F /* InputMethodState.swift */; };
		461048622EF2DF22005AF5FC /* SendKeyStepByStepAppsView.swift in Sources */ = {isa = PBXBuildFile; fileRef = 461048612EF2DF22005AF5FC /* SendKeyStepByStepAppsView.swift */; };
		461B0D702F151B90005DF210 /* PHTVAccessibilityManager.mm in Sources */ = {isa = PBXBuildFile; fileRef = 461B0D6D2F151B90005DF210 /* PHTVAccessibilityManager.mm */; };
		461B0D712F151B90005DF210 /* PHTVAppDetectionManager.mm in Sources */ = {isa = PBXBuildFile; fileRef = 461B0D6F2F151B90005DF210 /* PHTVAppDetectionManager.mm */; };
		461B0D782F151BAD005DF210 /* PHTVCacheManager.mm in Sources */ = {isa = PBXBuildFile; fileRef = 461B0D732F151BAD005DF210 /* PHTVCacheManager.mm */; };
		461B0D792F151BAD005DF210 /* PHTVEventSynthesisManager.mm in Sources */ = {isa = PBXBuildFile; fileRef = 461B0D752F151BAD005DF210 /* PHTVEventSynthesisManager.mm */; };
		461B0D7A2F151BAD005DF210 /* PHTVHotkeyManager.mm in Sources */ = {isa = PBXBuildFile; fileRef = 461B0D772F151BAD005DF210 /* PHTVHotkeyManager.mm */; };
		461B0D7F2F151BB7005DF210 /* PHTVSpotlightManager.mm in Sources */ = {isa = PBXBuildFile; fileRef = 461B0D7C2F151BB7005DF210 /* PHTVSpotlightManager.mm */; };
		461B0D802F151BB7005DF210 /* PHTVTimingManager.mm in Sources */ = {isa = PBXBuildFile; fileRef = 461B0D7E2F151BB7005DF210 /* PHTVTimingManager.mm */; };
		46394F5A2EFA5D56009D5194 /* EnglishWordDetector.cpp in Sources */ = {isa = PBXBuildFile; fileRef = 46394F592EFA5D56009D5194 /* EnglishWordDetector.cpp */; };
		46394F7E2EFAC18E009D5194 /* en_words.txt in Resources */ = {isa = PBXBuildFile; fileRef = 46394F7F2EFAC18E009D5194 /* en_words.txt */; };
		46394F822EFAC18E009D5194 /* vi_dict.bin in Resources */ = {isa = PBXBuildFile; fileRef = 46394F812EFAC18E009D5194 /* vi_dict.bin */; };
		46394F832EFAC18E009D5194 /* en_dict.bin in Resources */ = {isa = PBXBuildFile; fileRef = 46394F802EFAC18E009D5194 /* en_dict.bin */; };
		46394F852EFC8C7B009D5194 /* PHTVLogger.swift in Sources */ = {isa = PBXBuildFile; fileRef = 46394F842EFC8C7B009D5194 /* PHTVLogger.swift */; };
		46394F862EFC8C7B009D5195 /* ClaudeCodePatcher.swift in Sources */ = {isa = PBXBuildFile; fileRef = 46394F872EFC8C7B009D5195 /* ClaudeCodePatcher.swift */; };
		46394FA12EFAC18F009D5194 /* menubar_ui.png in Resources */ = {isa = PBXBuildFile; fileRef = 46394F912EFAC18F009D5194 /* menubar_ui.png */; };
		46394FA22EFAC18F009D5194 /* PHTV_Picker_1_Emoji.png in Resources */ = {isa = PBXBuildFile; fileRef = 46394F922EFAC18F009D5194 /* PHTV_Picker_1_Emoji.png */; };
		46394FA32EFAC18F009D5194 /* PHTV_Picker_2_GIF.png in Resources */ = {isa = PBXBuildFile; fileRef = 46394F932EFAC18F009D5194 /* PHTV_Picker_2_GIF.png */; };
		46394FA42EFAC18F009D5194 /* PHTV_Picker_3_Sticker.png in Resources */ = {isa = PBXBuildFile; fileRef = 46394F942EFAC18F009D5194 /* PHTV_Picker_3_Sticker.png */; };
		46394FA52EFAC190009D5194 /* Main.strings in Resources */ = {isa = PBXBuildFile; fileRef = 46394F952EFAC190009D5194 /* Main.strings */; };
		46413AEE2EEF7EB300278BFB /* update.json in Resources */ = {isa = PBXBuildFile; fileRef = 46413AED2EEF7EB300278BFB /* update.json */; };
		46A5B9222F13F0B900F5FE6E /* icon.png in Resources */ = {isa = PBXBuildFile; fileRef = 46A5B9212F13F0B900F5FE6E /* icon.png */; };
		46ABBBAA2EFD67680003CBB5 /* Sparkle in Frameworks */ = {isa = PBXBuildFile; productRef = 46ABBBA92EFD67680003CBB5 /* Sparkle */; };
		46ABBBB02EFD67B00003CBB5 /* SparkleManager.mm in Sources */ = {isa = PBXBuildFile; fileRef = 46ABBBAF2EFD67B00003CBB5 /* SparkleManager.mm */; };
		46EF4FFA2EEDBFD400DF8DD1 /* PHTV.icon in Resources */ = {isa = PBXBuildFile; fileRef = 46EF4FF92EEDBFD400DF8DD1 /* PHTV.icon */; };
		55FC7DCD65CF4B5AB16EB55E /* MacroState.swift in Sources */ = {isa = PBXBuildFile; fileRef = 0A7F69D746974D44B4B789CF /* MacroState.swift */; };
		582F22823AB2122EA8CC0172 /* VietnameseSynonyms.swift in Sources */ = {isa = PBXBuildFile; fileRef = 84443821FC9E0F2616F3C783 /* VietnameseSynonyms.swift */; };
		599D4DAFA64E4625A7FC223A /* SystemState.swift in Sources */ = {isa = PBXBuildFile; fileRef = 3FEA46915A7F40CAB646023A /* SystemState.swift */; };
		5EE57A9BB919C44652062797 /* KlipyAPIClient.swift in Sources */ = {isa = PBXBuildFile; fileRef = BCA3766510F7D84A0AF64E7B /* KlipyAPIClient.swift */; };
		62C8CE4ED1A5A22915ABA918 /* UnifiedContentView.swift in Sources */ = {isa = PBXBuildFile; fileRef = 63EE9D27E8009304C5EBDC2A /* UnifiedContentView.swift */; };
		65C45B7195EC9D7105F79A2D /* SettingsWindowHelper.swift in Sources */ = {isa = PBXBuildFile; fileRef = 8C87D42C4A844B638E884513 /* SettingsWindowHelper.swift */; };
		66A3D739021BD8350A76029A /* EmojiButton.swift in Sources */ = {isa = PBXBuildFile; fileRef = A3ECD12D358B4A226DC87FB3 /* EmojiButton.swift */; };
		71156465A7A93BA70CE4B34A /* KlipyModels.swift in Sources */ = {isa = PBXBuildFile; fileRef = 7F8113D10F75956CFA8F2D7E /* KlipyModels.swift */; };
		7CD0F7C9799435D2137792A1 /* EmojiHotkeyBridge.swift in Sources */ = {isa = PBXBuildFile; fileRef = 77DE4E5107F853D1232E1CAE /* EmojiHotkeyBridge.swift */; };
		7E8FC7E86DE2E6DFF24E2FA5 /* EmojiDatabase.swift in Sources */ = {isa = PBXBuildFile; fileRef = D3CC100734FFEFB3899169A6 /* EmojiDatabase.swift */; };
		811E70BC3AACAA2FEEB531B3 /* EmojiHotkeyManager.swift in Sources */ = {isa = PBXBuildFile; fileRef = 8D5FAA9501C1BD2A1E0B936E /* EmojiHotkeyManager.swift */; };
		82AEA01829CE01145F535AB7 /* SettingsNotificationObserver.swift in Sources */ = {isa = PBXBuildFile; fileRef = C70807CB6874B42FFE69DCBC /* SettingsNotificationObserver.swift */; };
		8493C732A2DC212C03C5F6A4 /* GIFThumbnailView.swift in Sources */ = {isa = PBXBuildFile; fileRef = 5ABD4B910A480743E5362BB8 /* GIFThumbnailView.swift */; };
		8FE65B27C458CAB478FFE025 /* SettingsWindowContent.swift in Sources */ = {isa = PBXBuildFile; fileRef = 3275F9510DD17ABFE9A00A80 /* SettingsWindowContent.swift */; };
		94655D583046479AA9515786 /* PHTVBinaryIntegrity.m in Sources */ = {isa = PBXBuildFile; fileRef = DC22F23BA9404436B654A651 /* PHTVBinaryIntegrity.m */; };
		97FEE5D3C0A94531A7BFA0AF /* UIState.swift in Sources */ = {isa = PBXBuildFile; fileRef = F4618BC329294FEEB38FCB5A /* UIState.swift */; };
		A534F32629D8B78100296F25 /* Carbon.framework in Frameworks */ = {isa = PBXBuildFile; fileRef = 23874B0F220160A500000BC8 /* Carbon.framework */; };
		A534F32629D8B78100296F26 /* QuartzCore.framework in Frameworks */ = {isa = PBXBuildFile; fileRef = 23874B10220160A500000BC9 /* QuartzCore.framework */; };
		A541BC9447C9FAB86E11112C /* APIKeySetupView.swift in Sources */ = {isa = PBXBuildFile; fileRef = F82534773F42A3F85B37C435 /* APIKeySetupView.swift */; };
		AB3EE4AF43F64525BCFCE06A /* AppListsState.swift in Sources */ = {isa = PBXBuildFile; fileRef = FF1BC147D8354623929675A1 /* AppListsState.swift */; };
		B130517648548D01FFC0F52C /* AppsSettingsView.swift in Sources */ = {isa = PBXBuildFile; fileRef = C2DA720371C3BD130F878C29 /* AppsSettingsView.swift */; };
		B3F6294A1AB68D85BEAD9932 /* CategoryTab.swift in Sources */ = {isa = PBXBuildFile; fileRef = 65AA6483B2A118EB4B67C1CB /* CategoryTab.swift */; };
		BA360903220983A511EF90E3 /* WindowDragHandle.swift in Sources */ = {isa = PBXBuildFile; fileRef = 74641C96F631E9734052F9C3 /* WindowDragHandle.swift */; };
		C0CE0F8F502340D96361B721 /* EmojiPickerView.swift in Sources */ = {isa = PBXBuildFile; fileRef = DB70E3E828FD5E07F9695FEC /* EmojiPickerView.swift */; };
		C4961E0947A9379AEC307E96 /* EmojiModels.swift in Sources */ = {isa = PBXBuildFile; fileRef = 64A3EE8FE1AA073862B82C1A /* EmojiModels.swift */; };
		C4B0D93C0BD03698D158FAFF /* MenuBarIconManager.swift in Sources */ = {isa = PBXBuildFile; fileRef = 91BDAE4C737217F8B2934770 /* MenuBarIconManager.swift */; };
		CCE359D81044723B047F005C /* StickerOnlyView.swift in Sources */ = {isa = PBXBuildFile; fileRef = FABD3529F8FFC83F017377CB /* StickerOnlyView.swift */; };
		D05EB41CB955ED038072EA12 /* VisualEffectBlur.swift in Sources */ = {isa = PBXBuildFile; fileRef = A89EF9EA55C44906E5F4F5EC /* VisualEffectBlur.swift */; };
		D357A0503308011A99A4C950 /* AppModels.swift in Sources */ = {isa = PBXBuildFile; fileRef = FE0F76B39F1FB9FB8C382332 /* AppModels.swift */; };
		D357BD38FFDBA314DC771E23 /* BeepManager.swift in Sources */ = {isa = PBXBuildFile; fileRef = AF98255BCC66A085A1BB7AF0 /* BeepManager.swift */; };
		DECF49E1A8EDA7C0FA6D7030 /* TCCResetInstructionsView.swift in Sources */ = {isa = PBXBuildFile; fileRef = 41D31951BBF6C6D13433ADC4 /* TCCResetInstructionsView.swift */; };
		E0128285999F5C12524AB87C /* FloatingPanel.swift in Sources */ = {isa = PBXBuildFile; fileRef = DFFABF16C6BB7046AE02AFAD /* FloatingPanel.swift */; };
		E1A1A1A52025120200000005 /* PHTVConfig.m in Sources */ = {isa = PBXBuildFile; fileRef = E1A1A1A72025120200000007 /* PHTVConfig.m */; };
		E1A1A1A62025120200000006 /* PHTVUtilities.m in Sources */ = {isa = PBXBuildFile; fileRef = E1A1A1A92025120200000009 /* PHTVUtilities.m */; };
		ECFB9B9C23FD05660CDBB24E /* EmojiCategoriesView.swift in Sources */ = {isa = PBXBuildFile; fileRef = B68D32C8DF8CC2C3AB495253 /* EmojiCategoriesView.swift */; };
		EF5EC6D461F146F7BB7B771B /* ColorExtension.swift in Sources */ = {isa = PBXBuildFile; fileRef = 8E55895C7C4348BCA1ABE9E7 /* ColorExtension.swift */; };
		F15A1682052C0E19BCB012E8 /* SettingsWindowOpener.swift in Sources */ = {isa = PBXBuildFile; fileRef = 05CD94C7C42C2D520013AB28 /* SettingsWindowOpener.swift */; };
		F1A1A1B12025130000000001 /* PHTVApp.swift in Sources */ = {isa = PBXBuildFile; fileRef = F1A1A1B22025130000000002 /* PHTVApp.swift */; };
		F1A1A1B32025130000000003 /* SettingsView.swift in Sources */ = {isa = PBXBuildFile; fileRef = F1A1A1B42025130000000004 /* SettingsView.swift */; };
		F1A1A1B52025130000000005 /* StatusBarController.swift in Sources */ = {isa = PBXBuildFile; fileRef = F1A1A1B62025130000000006 /* StatusBarController.swift */; };
		F1A1A1B72025130000000007 /* WindowController.swift in Sources */ = {isa = PBXBuildFile; fileRef = F1A1A1B82025130000000008 /* WindowController.swift */; };
		F1A1A1B92025130000000009 /* AppDelegate+SwiftUI.swift in Sources */ = {isa = PBXBuildFile; fileRef = F1A1A1BA2025130000000010 /* AppDelegate+SwiftUI.swift */; };
		F1A1A1BB2025130000000011 /* ViewModifiers.swift in Sources */ = {isa = PBXBuildFile; fileRef = F1A1A1BC2025130000000012 /* ViewModifiers.swift */; };
		F1A1A1BD2025130000000013 /* PreviewHelpers.swift in Sources */ = {isa = PBXBuildFile; fileRef = F1A1A1BE2025130000000014 /* PreviewHelpers.swift */; };
		F1A1A1C12025130000000017 /* StatusBarMenuView.swift in Sources */ = {isa = PBXBuildFile; fileRef = F1A1A1C22025130000000018 /* StatusBarMenuView.swift */; };
		F1A1A1D12025130100000019 /* TypingSettingsView.swift in Sources */ = {isa = PBXBuildFile; fileRef = F1A1A1D22025130100000020 /* TypingSettingsView.swift */; };
		F1A1A1D32025130100000021 /* SystemSettingsView.swift in Sources */ = {isa = PBXBuildFile; fileRef = F1A1A1D42025130100000022 /* SystemSettingsView.swift */; };
		F1A1A1D52025130100000023 /* MacroSettingsView.swift in Sources */ = {isa = PBXBuildFile; fileRef = F1A1A1D62025130100000024 /* MacroSettingsView.swift */; };
		F1A1A1D72025130100000025 /* AboutView.swift in Sources */ = {isa = PBXBuildFile; fileRef = F1A1A1D82025130100000026 /* AboutView.swift */; };
		F1A1A1D92025130100000027 /* HotkeyConfigView.swift in Sources */ = {isa = PBXBuildFile; fileRef = F1A1A1DA2025130100000028 /* HotkeyConfigView.swift */; };
		F1A1A1DB2025130100000029 /* MacroEditorView.swift in Sources */ = {isa = PBXBuildFile; fileRef = F1A1A1DC2025130100000030 /* MacroEditorView.swift */; };
		F1A1A1DD2025130100000031 /* PermissionWarningView.swift in Sources */ = {isa = PBXBuildFile; fileRef = F1A1A1DE2025130100000032 /* PermissionWarningView.swift */; };
		F1A1A1DF2025130100000033 /* ExcludedAppsView.swift in Sources */ = {isa = PBXBuildFile; fileRef = F1A1A1E02025130100000034 /* ExcludedAppsView.swift */; };
		F1A1A1E12025130100000035 /* SettingsObserver.swift in Sources */ = {isa = PBXBuildFile; fileRef = F1A1A1E22025130100000036 /* SettingsObserver.swift */; };
		F1A1A1E32025130100000037 /* ReloadHelpers.swift in Sources */ = {isa = PBXBuildFile; fileRef = F1A1A1E42025130100000038 /* ReloadHelpers.swift */; };
		F1A1A1E52025130100000039 /* BugReportView.swift in Sources */ = {isa = PBXBuildFile; fileRef = F1A1A1E62025130100000040 /* BugReportView.swift */; };
		F1A1A1E72025130100000041 /* UpdateBannerView.swift in Sources */ = {isa = PBXBuildFile; fileRef = F1A1A1E82025130100000042 /* UpdateBannerView.swift */; };
		F1A1A1E92025130100000043 /* ReleaseNotesView.swift in Sources */ = {isa = PBXBuildFile; fileRef = F1A1A1EA2025130100000044 /* ReleaseNotesView.swift */; };
		F1A1A1EB2025130100000045 /* ConvertToolView.swift in Sources */ = {isa = PBXBuildFile; fileRef = F1A1A1EC2025130100000046 /* ConvertToolView.swift */; };
		F1A1A1ED2025130100000047 /* MacroCategoryEditorView.swift in Sources */ = {isa = PBXBuildFile; fileRef = F1A1A1EE2025130100000048 /* MacroCategoryEditorView.swift */; };
		F28A6AB4C40769F607E59F7B /* VietnameseTextUtilities.swift in Sources */ = {isa = PBXBuildFile; fileRef = F9A75B12CBD76A680F99BAC0 /* VietnameseTextUtilities.swift */; };
/* End PBXBuildFile section */

/* Begin PBXCopyFilesBuildPhase section */
		237559C4220417DD00FB8CB9 /* CopyFiles */ = {
			isa = PBXCopyFilesBuildPhase;
			buildActionMask = 2147483647;
			dstPath = Contents/Library/LoginItems;
			dstSubfolderSpec = 1;
			files = (
			);
			runOnlyForDeploymentPostprocessing = 0;
		};
/* End PBXCopyFilesBuildPhase section */

/* Begin PBXFileReference section */
		05CD94C7C42C2D520013AB28 /* SettingsWindowOpener.swift */ = {isa = PBXFileReference; includeInIndex = 1; lastKnownFileType = sourcecode.swift; path = SettingsWindowOpener.swift; sourceTree = "<group>"; };
		0A7F69D746974D44B4B789CF /* MacroState.swift */ = {isa = PBXFileReference; lastKnownFileType = sourcecode.swift; path = MacroState.swift; sourceTree = "<group>"; };
		1273F78C8F894BE4B378851F /* InputMethodState.swift */ = {isa = PBXFileReference; lastKnownFileType = sourcecode.swift; path = InputMethodState.swift; sourceTree = "<group>"; };
		1366D9FE4F6A7BBD6B32B8BE /* PHSilentUserDriver.m */ = {isa = PBXFileReference; includeInIndex = 1; lastKnownFileType = sourcecode.c.objc; path = PHSilentUserDriver.m; sourceTree = "<group>"; };
		1498B293675600E929EBB555 /* UpdateModels.swift */ = {isa = PBXFileReference; includeInIndex = 1; lastKnownFileType = sourcecode.swift; path = UpdateModels.swift; sourceTree = "<group>"; };
		232EDA5721F1B33E0085D362 /* AppDelegate.h */ = {isa = PBXFileReference; lastKnownFileType = sourcecode.c.h; path = AppDelegate.h; sourceTree = "<group>"; };
		232EDA5821F1B33E0085D362 /* AppDelegate.mm */ = {isa = PBXFileReference; lastKnownFileType = sourcecode.cpp.objcpp; path = AppDelegate.mm; sourceTree = "<group>"; };
		232EDA5D21F1B33F0085D362 /* Assets.xcassets */ = {isa = PBXFileReference; lastKnownFileType = folder.assetcatalog; path = Assets.xcassets; sourceTree = "<group>"; };
		232EDA6221F1B33F0085D362 /* Info.plist */ = {isa = PBXFileReference; lastKnownFileType = text.plist.xml; path = Info.plist; sourceTree = "<group>"; };
		232EDA6321F1B33F0085D362 /* main.m */ = {isa = PBXFileReference; lastKnownFileType = sourcecode.c.objc; path = main.m; sourceTree = "<group>"; };
		233C4A6D231F923D00DD7052 /* AppKit.framework */ = {isa = PBXFileReference; lastKnownFileType = wrapper.framework; name = AppKit.framework; path = System/Library/Frameworks/AppKit.framework; sourceTree = SDKROOT; };
		233C4A6F231F937900DD7052 /* ConvertTool.cpp */ = {isa = PBXFileReference; lastKnownFileType = sourcecode.cpp.cpp; path = ConvertTool.cpp; sourceTree = "<group>"; };
		233C4A71231F938800DD7052 /* ConvertTool.h */ = {isa = PBXFileReference; lastKnownFileType = sourcecode.c.h; path = ConvertTool.h; sourceTree = "<group>"; };
		2371AAEE22FA85B200CA1B57 /* PHTV.mm */ = {isa = PBXFileReference; fileEncoding = 4; lastKnownFileType = sourcecode.cpp.objcpp; path = PHTV.mm; sourceTree = "<group>"; };
		237724A5232BA3B800E92BDF /* mac.h */ = {isa = PBXFileReference; fileEncoding = 4; lastKnownFileType = sourcecode.c.h; path = mac.h; sourceTree = "<group>"; };
		238519F221F1B8E200E79A41 /* Foundation.framework */ = {isa = PBXFileReference; lastKnownFileType = wrapper.framework; name = Foundation.framework; path = System/Library/Frameworks/Foundation.framework; sourceTree = SDKROOT; };
		238519F921F1BF4400E79A41 /* CoreGraphics.framework */ = {isa = PBXFileReference; lastKnownFileType = wrapper.framework; name = CoreGraphics.framework; path = System/Library/Frameworks/CoreGraphics.framework; sourceTree = SDKROOT; };
		238519FB21F1BF4900E79A41 /* Cocoa.framework */ = {isa = PBXFileReference; lastKnownFileType = wrapper.framework; name = Cocoa.framework; path = System/Library/Frameworks/Cocoa.framework; sourceTree = SDKROOT; };
		238519FD21F1BF5100E79A41 /* EventKit.framework */ = {isa = PBXFileReference; lastKnownFileType = wrapper.framework; name = EventKit.framework; path = System/Library/Frameworks/EventKit.framework; sourceTree = SDKROOT; };
		23874B0F220160A500000BC8 /* Carbon.framework */ = {isa = PBXFileReference; lastKnownFileType = wrapper.framework; name = Carbon.framework; path = System/Library/Frameworks/Carbon.framework; sourceTree = SDKROOT; };
		23874B10220160A500000BC9 /* QuartzCore.framework */ = {isa = PBXFileReference; lastKnownFileType = wrapper.framework; name = QuartzCore.framework; path = System/Library/Frameworks/QuartzCore.framework; sourceTree = SDKROOT; };
		2389467C21FDDB920030A13B /* PHTVManager.m */ = {isa = PBXFileReference; lastKnownFileType = sourcecode.c.objc; path = PHTVManager.m; sourceTree = "<group>"; };
		2389467E21FDDC3F0030A13B /* PHTVManager.h */ = {isa = PBXFileReference; lastKnownFileType = sourcecode.c.h; path = PHTVManager.h; sourceTree = "<group>"; };
		23963B4F22040C720097189E /* ServiceManagement.framework */ = {isa = PBXFileReference; lastKnownFileType = wrapper.framework; name = ServiceManagement.framework; path = System/Library/Frameworks/ServiceManagement.framework; sourceTree = SDKROOT; };
		23A984BE220ED07E000914A2 /* IOKit.framework */ = {isa = PBXFileReference; lastKnownFileType = wrapper.framework; name = IOKit.framework; path = System/Library/Frameworks/IOKit.framework; sourceTree = SDKROOT; };
		23E2E4942314FD3A006CCC3E /* Engine.h */ = {isa = PBXFileReference; fileEncoding = 4; lastKnownFileType = sourcecode.c.h; path = Engine.h; sourceTree = "<group>"; };
		23E2E4952314FD3A006CCC3E /* Macro.cpp */ = {isa = PBXFileReference; fileEncoding = 4; lastKnownFileType = sourcecode.cpp.cpp; path = Macro.cpp; sourceTree = "<group>"; };
		23E2E4962314FD3A006CCC3E /* DataType.h */ = {isa = PBXFileReference; fileEncoding = 4; lastKnownFileType = sourcecode.c.h; path = DataType.h; sourceTree = "<group>"; };
		23E2E4972314FD3A006CCC3E /* Macro.h */ = {isa = PBXFileReference; fileEncoding = 4; lastKnownFileType = sourcecode.c.h; path = Macro.h; sourceTree = "<group>"; };
		23E2E4982314FD3A006CCC3E /* SmartSwitchKey.cpp */ = {isa = PBXFileReference; fileEncoding = 4; lastKnownFileType = sourcecode.cpp.cpp; path = SmartSwitchKey.cpp; sourceTree = "<group>"; };
		23E2E4992314FD3A006CCC3E /* Vietnamese.h */ = {isa = PBXFileReference; fileEncoding = 4; lastKnownFileType = sourcecode.c.h; path = Vietnamese.h; sourceTree = "<group>"; };
		23E2E49A2314FD3A006CCC3E /* Engine.cpp */ = {isa = PBXFileReference; fileEncoding = 4; lastKnownFileType = sourcecode.cpp.cpp; path = Engine.cpp; sourceTree = "<group>"; };
		23E2E49B2314FD3A006CCC3E /* Vietnamese.cpp */ = {isa = PBXFileReference; fileEncoding = 4; lastKnownFileType = sourcecode.cpp.cpp; path = Vietnamese.cpp; sourceTree = "<group>"; };
		23E2E49C2314FD3A006CCC3E /* SmartSwitchKey.h */ = {isa = PBXFileReference; fileEncoding = 4; lastKnownFileType = sourcecode.c.h; path = SmartSwitchKey.h; sourceTree = "<group>"; };
		23F512832336386200397988 /* MJAccessibilityUtils.m */ = {isa = PBXFileReference; fileEncoding = 4; lastKnownFileType = sourcecode.c.objc; path = MJAccessibilityUtils.m; sourceTree = "<group>"; };
		23F512842336386200397988 /* MJAccessibilityUtils.h */ = {isa = PBXFileReference; fileEncoding = 4; lastKnownFileType = sourcecode.c.h; path = MJAccessibilityUtils.h; sourceTree = "<group>"; };
		3275F9510DD17ABFE9A00A80 /* SettingsWindowContent.swift */ = {isa = PBXFileReference; includeInIndex = 1; lastKnownFileType = sourcecode.swift; path = SettingsWindowContent.swift; sourceTree = "<group>"; };
		3B27EBB488B64D6C48DE34C7 /* PHSilentUserDriver.h */ = {isa = PBXFileReference; includeInIndex = 1; lastKnownFileType = sourcecode.c.h; path = PHSilentUserDriver.h; sourceTree = "<group>"; };
		3FEA46915A7F40CAB646023A /* SystemState.swift */ = {isa = PBXFileReference; lastKnownFileType = sourcecode.swift; path = SystemState.swift; sourceTree = "<group>"; };
		41D31951BBF6C6D13433ADC4 /* TCCResetInstructionsView.swift */ = {isa = PBXFileReference; includeInIndex = 1; lastKnownFileType = sourcecode.swift; path = TCCResetInstructionsView.swift; sourceTree = "<group>"; };
		461048612EF2DF22005AF5FC /* SendKeyStepByStepAppsView.swift */ = {isa = PBXFileReference; lastKnownFileType = sourcecode.swift; path = SendKeyStepByStepAppsView.swift; sourceTree = "<group>"; };
		461B0D6C2F151B90005DF210 /* PHTVAccessibilityManager.h */ = {isa = PBXFileReference; lastKnownFileType = sourcecode.c.h; path = PHTVAccessibilityManager.h; sourceTree = "<group>"; };
		461B0D6D2F151B90005DF210 /* PHTVAccessibilityManager.mm */ = {isa = PBXFileReference; lastKnownFileType = sourcecode.cpp.objcpp; path = PHTVAccessibilityManager.mm; sourceTree = "<group>"; };
		461B0D6E2F151B90005DF210 /* PHTVAppDetectionManager.h */ = {isa = PBXFileReference; lastKnownFileType = sourcecode.c.h; path = PHTVAppDetectionManager.h; sourceTree = "<group>"; };
		461B0D6F2F151B90005DF210 /* PHTVAppDetectionManager.mm */ = {isa = PBXFileReference; lastKnownFileType = sourcecode.cpp.objcpp; path = PHTVAppDetectionManager.mm; sourceTree = "<group>"; };
		461B0D722F151BAD005DF210 /* PHTVCacheManager.h */ = {isa = PBXFileReference; lastKnownFileType = sourcecode.c.h; path = PHTVCacheManager.h; sourceTree = "<group>"; };
		461B0D732F151BAD005DF210 /* PHTVCacheManager.mm */ = {isa = PBXFileReference; lastKnownFileType = sourcecode.cpp.objcpp; path = PHTVCacheManager.mm; sourceTree = "<group>"; };
		461B0D742F151BAD005DF210 /* PHTVEventSynthesisManager.h */ = {isa = PBXFileReference; lastKnownFileType = sourcecode.c.h; path = PHTVEventSynthesisManager.h; sourceTree = "<group>"; };
		461B0D752F151BAD005DF210 /* PHTVEventSynthesisManager.mm */ = {isa = PBXFileReference; lastKnownFileType = sourcecode.cpp.objcpp; path = PHTVEventSynthesisManager.mm; sourceTree = "<group>"; };
		461B0D762F151BAD005DF210 /* PHTVHotkeyManager.h */ = {isa = PBXFileReference; lastKnownFileType = sourcecode.c.h; path = PHTVHotkeyManager.h; sourceTree = "<group>"; };
		461B0D772F151BAD005DF210 /* PHTVHotkeyManager.mm */ = {isa = PBXFileReference; lastKnownFileType = sourcecode.cpp.objcpp; path = PHTVHotkeyManager.mm; sourceTree = "<group>"; };
		461B0D7B2F151BB7005DF210 /* PHTVSpotlightManager.h */ = {isa = PBXFileReference; lastKnownFileType = sourcecode.c.h; path = PHTVSpotlightManager.h; sourceTree = "<group>"; };
		461B0D7C2F151BB7005DF210 /* PHTVSpotlightManager.mm */ = {isa = PBXFileReference; lastKnownFileType = sourcecode.cpp.objcpp; path = PHTVSpotlightManager.mm; sourceTree = "<group>"; };
		461B0D7D2F151BB7005DF210 /* PHTVTimingManager.h */ = {isa = PBXFileReference; lastKnownFileType = sourcecode.c.h; path = PHTVTimingManager.h; sourceTree = "<group>"; };
		461B0D7E2F151BB7005DF210 /* PHTVTimingManager.mm */ = {isa = PBXFileReference; lastKnownFileType = sourcecode.cpp.objcpp; path = PHTVTimingManager.mm; sourceTree = "<group>"; };
		46394F582EFA5D56009D5194 /* EnglishWordDetector.h */ = {isa = PBXFileReference; lastKnownFileType = sourcecode.c.h; path = EnglishWordDetector.h; sourceTree = "<group>"; };
		46394F592EFA5D56009D5194 /* EnglishWordDetector.cpp */ = {isa = PBXFileReference; lastKnownFileType = sourcecode.cpp.cpp; path = EnglishWordDetector.cpp; sourceTree = "<group>"; };
		46394F7F2EFAC18E009D5194 /* en_words.txt */ = {isa = PBXFileReference; lastKnownFileType = text; path = en_words.txt; sourceTree = "<group>"; };
		46394F802EFAC18E009D5194 /* en_dict.bin */ = {isa = PBXFileReference; lastKnownFileType = archive.macbinary; path = en_dict.bin; sourceTree = "<group>"; };
		46394F812EFAC18E009D5194 /* vi_dict.bin */ = {isa = PBXFileReference; lastKnownFileType = archive.macbinary; path = vi_dict.bin; sourceTree = "<group>"; };
		46394F842EFC8C7B009D5194 /* PHTVLogger.swift */ = {isa = PBXFileReference; lastKnownFileType = sourcecode.swift; path = PHTVLogger.swift; sourceTree = "<group>"; };
		46394F872EFC8C7B009D5195 /* ClaudeCodePatcher.swift */ = {isa = PBXFileReference; lastKnownFileType = sourcecode.swift; path = ClaudeCodePatcher.swift; sourceTree = "<group>"; };
		46394F912EFAC18F009D5194 /* menubar_ui.png */ = {isa = PBXFileReference; lastKnownFileType = image.png; path = menubar_ui.png; sourceTree = "<group>"; };
		46394F922EFAC18F009D5194 /* PHTV_Picker_1_Emoji.png */ = {isa = PBXFileReference; lastKnownFileType = image.png; path = PHTV_Picker_1_Emoji.png; sourceTree = "<group>"; };
		46394F932EFAC18F009D5194 /* PHTV_Picker_2_GIF.png */ = {isa = PBXFileReference; lastKnownFileType = image.png; path = PHTV_Picker_2_GIF.png; sourceTree = "<group>"; };
		46394F942EFAC18F009D5194 /* PHTV_Picker_3_Sticker.png */ = {isa = PBXFileReference; lastKnownFileType = image.png; path = PHTV_Picker_3_Sticker.png; sourceTree = "<group>"; };
		46394F952EFAC190009D5194 /* Main.strings */ = {isa = PBXFileReference; lastKnownFileType = text.plist.strings; path = Main.strings; sourceTree = "<group>"; };
		46413AED2EEF7EB300278BFB /* update.json */ = {isa = PBXFileReference; lastKnownFileType = text.json; path = update.json; sourceTree = "<group>"; };
		46A5B9212F13F0B900F5FE6E /* icon.png */ = {isa = PBXFileReference; lastKnownFileType = image.png; path = icon.png; sourceTree = "<group>"; };
		46ABBBAE2EFD67B00003CBB5 /* SparkleManager.h */ = {isa = PBXFileReference; lastKnownFileType = sourcecode.c.h; path = SparkleManager.h; sourceTree = "<group>"; };
		46ABBBAF2EFD67B00003CBB5 /* SparkleManager.mm */ = {isa = PBXFileReference; lastKnownFileType = sourcecode.cpp.objcpp; path = SparkleManager.mm; sourceTree = "<group>"; };
		46EF4FF92EEDBFD400DF8DD1 /* PHTV.icon */ = {isa = PBXFileReference; lastKnownFileType = folder.iconcomposer.icon; path = PHTV.icon; sourceTree = "<group>"; };
		46EF4FFB2EEDC0A200DF8DD1 /* PHTV.app */ = {isa = PBXFileReference; explicitFileType = wrapper.application; includeInIndex = 0; path = PHTV.app; sourceTree = BUILT_PRODUCTS_DIR; };
		4EE6F9D6434C477BAC2BDF4E /* PHTVBinaryIntegrity.h */ = {isa = PBXFileReference; lastKnownFileType = sourcecode.c.h; path = PHTVBinaryIntegrity.h; sourceTree = "<group>"; };
		5ABD4B910A480743E5362BB8 /* GIFThumbnailView.swift */ = {isa = PBXFileReference; includeInIndex = 1; lastKnownFileType = sourcecode.swift; path = GIFThumbnailView.swift; sourceTree = "<group>"; };
		63EE9D27E8009304C5EBDC2A /* UnifiedContentView.swift */ = {isa = PBXFileReference; includeInIndex = 1; lastKnownFileType = sourcecode.swift; path = UnifiedContentView.swift; sourceTree = "<group>"; };
		64A3EE8FE1AA073862B82C1A /* EmojiModels.swift */ = {isa = PBXFileReference; includeInIndex = 1; lastKnownFileType = sourcecode.swift; path = EmojiModels.swift; sourceTree = "<group>"; };
		65AA6483B2A118EB4B67C1CB /* CategoryTab.swift */ = {isa = PBXFileReference; includeInIndex = 1; lastKnownFileType = sourcecode.swift; path = CategoryTab.swift; sourceTree = "<group>"; };
		68D7ABD6D4D0E226B22794A2 /* MediaStorageHelper.swift */ = {isa = PBXFileReference; includeInIndex = 1; lastKnownFileType = sourcecode.swift; path = MediaStorageHelper.swift; sourceTree = "<group>"; };
		72B4F8A52F8DD55EF170821A /* CompatibilitySettingsView.swift */ = {isa = PBXFileReference; includeInIndex = 1; lastKnownFileType = sourcecode.swift; path = CompatibilitySettingsView.swift; sourceTree = "<group>"; };
		74641C96F631E9734052F9C3 /* WindowDragHandle.swift */ = {isa = PBXFileReference; includeInIndex = 1; lastKnownFileType = sourcecode.swift; path = WindowDragHandle.swift; sourceTree = "<group>"; };
		77DE4E5107F853D1232E1CAE /* EmojiHotkeyBridge.swift */ = {isa = PBXFileReference; includeInIndex = 1; lastKnownFileType = sourcecode.swift; path = EmojiHotkeyBridge.swift; sourceTree = "<group>"; };
		7F8113D10F75956CFA8F2D7E /* KlipyModels.swift */ = {isa = PBXFileReference; includeInIndex = 1; lastKnownFileType = sourcecode.swift; path = KlipyModels.swift; sourceTree = "<group>"; };
		84443821FC9E0F2616F3C783 /* VietnameseSynonyms.swift */ = {isa = PBXFileReference; includeInIndex = 1; lastKnownFileType = sourcecode.swift; path = VietnameseSynonyms.swift; sourceTree = "<group>"; };
		8C87D42C4A844B638E884513 /* SettingsWindowHelper.swift */ = {isa = PBXFileReference; includeInIndex = 1; lastKnownFileType = sourcecode.swift; path = SettingsWindowHelper.swift; sourceTree = "<group>"; };
		8D5FAA9501C1BD2A1E0B936E /* EmojiHotkeyManager.swift */ = {isa = PBXFileReference; includeInIndex = 1; lastKnownFileType = sourcecode.swift; path = EmojiHotkeyManager.swift; sourceTree = "<group>"; };
		8E55895C7C4348BCA1ABE9E7 /* ColorExtension.swift */ = {isa = PBXFileReference; lastKnownFileType = sourcecode.swift; path = ColorExtension.swift; sourceTree = "<group>"; };
		8E55895D7C4348BCA1ABE9E8 /* BackendSyncOptimizer.swift */ = {isa = PBXFileReference; lastKnownFileType = sourcecode.swift; path = BackendSyncOptimizer.swift; sourceTree = "<group>"; };
		8E55895E7C4348BCA1ABE9E9 /* BeepManager.swift */ = {isa = PBXFileReference; lastKnownFileType = sourcecode.swift; path = BeepManager.swift; sourceTree = "<group>"; };
		8E55895F7C4348BCA1ABE9EA /* SettingsSliderRow.swift */ = {isa = PBXFileReference; lastKnownFileType = sourcecode.swift; path = SettingsSliderRow.swift; sourceTree = "<group>"; };
		8E558960C4348BCA1ABE9EB /* HotReloadManager.swift */ = {isa = PBXFileReference; lastKnownFileType = sourcecode.swift; path = HotReloadManager.swift; sourceTree = "<group>"; };
		91463AD883518504EED880BB /* AnimatedGIFView.swift */ = {isa = PBXFileReference; includeInIndex = 1; lastKnownFileType = sourcecode.swift; path = AnimatedGIFView.swift; sourceTree = "<group>"; };
		91BDAE4C737217F8B2934770 /* MenuBarIconManager.swift */ = {isa = PBXFileReference; includeInIndex = 1; lastKnownFileType = sourcecode.swift; path = MenuBarIconManager.swift; sourceTree = "<group>"; };
		990B0144306ECDAF3CBFEA13 /* InputModels.swift */ = {isa = PBXFileReference; includeInIndex = 1; lastKnownFileType = sourcecode.swift; path = InputModels.swift; sourceTree = "<group>"; };
		A3ECD12D358B4A226DC87FB3 /* EmojiButton.swift */ = {isa = PBXFileReference; includeInIndex = 1; lastKnownFileType = sourcecode.swift; path = EmojiButton.swift; sourceTree = "<group>"; };
		A89EF9EA55C44906E5F4F5EC /* VisualEffectBlur.swift */ = {isa = PBXFileReference; includeInIndex = 1; lastKnownFileType = sourcecode.swift; path = VisualEffectBlur.swift; sourceTree = "<group>"; };
		AF98255BCC66A085A1BB7AF0 /* BeepManager.swift */ = {isa = PBXFileReference; includeInIndex = 1; lastKnownFileType = sourcecode.swift; path = BeepManager.swift; sourceTree = "<group>"; };
		B68D32C8DF8CC2C3AB495253 /* EmojiCategoriesView.swift */ = {isa = PBXFileReference; includeInIndex = 1; lastKnownFileType = sourcecode.swift; path = EmojiCategoriesView.swift; sourceTree = "<group>"; };
		B8CED3963BA54D7AB9CEFE6E /* Constants.swift */ = {isa = PBXFileReference; lastKnownFileType = sourcecode.swift; path = Constants.swift; sourceTree = "<group>"; };
		BCA3766510F7D84A0AF64E7B /* KlipyAPIClient.swift */ = {isa = PBXFileReference; includeInIndex = 1; lastKnownFileType = sourcecode.swift; path = KlipyAPIClient.swift; sourceTree = "<group>"; };
		C2DA720371C3BD130F878C29 /* AppsSettingsView.swift */ = {isa = PBXFileReference; includeInIndex = 1; lastKnownFileType = sourcecode.swift; path = AppsSettingsView.swift; sourceTree = "<group>"; };
		C4CEF88A4B3F8A497ADD2444 /* GIFOnlyView.swift */ = {isa = PBXFileReference; includeInIndex = 1; lastKnownFileType = sourcecode.swift; path = GIFOnlyView.swift; sourceTree = "<group>"; };
		C70807CB6874B42FFE69DCBC /* SettingsNotificationObserver.swift */ = {isa = PBXFileReference; includeInIndex = 1; lastKnownFileType = sourcecode.swift; path = SettingsNotificationObserver.swift; sourceTree = "<group>"; };
		D15404E79E3FAB407D4F065D /* KeyModels.swift */ = {isa = PBXFileReference; includeInIndex = 1; lastKnownFileType = sourcecode.swift; path = KeyModels.swift; sourceTree = "<group>"; };
		D211AB0354C9DBCE44ED2062 /* EmojiPickerManager.swift */ = {isa = PBXFileReference; includeInIndex = 1; lastKnownFileType = sourcecode.swift; path = EmojiPickerManager.swift; sourceTree = "<group>"; };
		D3CC100734FFEFB3899169A6 /* EmojiDatabase.swift */ = {isa = PBXFileReference; includeInIndex = 1; lastKnownFileType = sourcecode.swift; path = EmojiDatabase.swift; sourceTree = "<group>"; };
		D3CCE6686B954309A3B65AAD /* HotkeySettingsView.swift */ = {isa = PBXFileReference; lastKnownFileType = sourcecode.swift; path = HotkeySettingsView.swift; sourceTree = "<group>"; };
		DB70E3E828FD5E07F9695FEC /* EmojiPickerView.swift */ = {isa = PBXFileReference; includeInIndex = 1; lastKnownFileType = sourcecode.swift; path = EmojiPickerView.swift; sourceTree = "<group>"; };
		DC22F23BA9404436B654A651 /* PHTVBinaryIntegrity.m */ = {isa = PBXFileReference; lastKnownFileType = sourcecode.c.objc; path = PHTVBinaryIntegrity.m; sourceTree = "<group>"; };
		DFFABF16C6BB7046AE02AFAD /* FloatingPanel.swift */ = {isa = PBXFileReference; includeInIndex = 1; lastKnownFileType = sourcecode.swift; path = FloatingPanel.swift; sourceTree = "<group>"; };
		E1A1A1A72025120200000007 /* PHTVConfig.m */ = {isa = PBXFileReference; lastKnownFileType = sourcecode.c.objc; path = PHTVConfig.m; sourceTree = "<group>"; };
		E1A1A1A82025120200000008 /* PHTVConfig.h */ = {isa = PBXFileReference; lastKnownFileType = sourcecode.c.h; path = PHTVConfig.h; sourceTree = "<group>"; };
		E1A1A1A92025120200000009 /* PHTVUtilities.m */ = {isa = PBXFileReference; lastKnownFileType = sourcecode.c.objc; path = PHTVUtilities.m; sourceTree = "<group>"; };
		E1A1A1AA2025120200000010 /* PHTVUtilities.h */ = {isa = PBXFileReference; lastKnownFileType = sourcecode.c.h; path = PHTVUtilities.h; sourceTree = "<group>"; };
		E1A1A1AB2025120200000011 /* PHTVConstants.h */ = {isa = PBXFileReference; lastKnownFileType = sourcecode.c.h; path = PHTVConstants.h; sourceTree = "<group>"; };
		F1A1A1B22025130000000002 /* PHTVApp.swift */ = {isa = PBXFileReference; lastKnownFileType = sourcecode.swift; path = PHTVApp.swift; sourceTree = "<group>"; };
		F1A1A1B42025130000000004 /* SettingsView.swift */ = {isa = PBXFileReference; lastKnownFileType = sourcecode.swift; path = SettingsView.swift; sourceTree = "<group>"; };
		F1A1A1B62025130000000006 /* StatusBarController.swift */ = {isa = PBXFileReference; lastKnownFileType = sourcecode.swift; path = StatusBarController.swift; sourceTree = "<group>"; };
		F1A1A1B82025130000000008 /* WindowController.swift */ = {isa = PBXFileReference; lastKnownFileType = sourcecode.swift; path = WindowController.swift; sourceTree = "<group>"; };
		F1A1A1BA2025130000000010 /* AppDelegate+SwiftUI.swift */ = {isa = PBXFileReference; lastKnownFileType = sourcecode.swift; path = "AppDelegate+SwiftUI.swift"; sourceTree = "<group>"; };
		F1A1A1BC2025130000000012 /* ViewModifiers.swift */ = {isa = PBXFileReference; lastKnownFileType = sourcecode.swift; path = ViewModifiers.swift; sourceTree = "<group>"; };
		F1A1A1BE2025130000000014 /* PreviewHelpers.swift */ = {isa = PBXFileReference; lastKnownFileType = sourcecode.swift; path = PreviewHelpers.swift; sourceTree = "<group>"; };
		F1A1A1BF2025130000000015 /* PHTV-Bridging-Header.h */ = {isa = PBXFileReference; lastKnownFileType = sourcecode.c.h; path = "PHTV-Bridging-Header.h"; sourceTree = "<group>"; };
		F1A1A1C22025130000000018 /* StatusBarMenuView.swift */ = {isa = PBXFileReference; lastKnownFileType = sourcecode.swift; path = StatusBarMenuView.swift; sourceTree = "<group>"; };
		F1A1A1D22025130100000020 /* TypingSettingsView.swift */ = {isa = PBXFileReference; lastKnownFileType = sourcecode.swift; path = TypingSettingsView.swift; sourceTree = "<group>"; };
		F1A1A1D42025130100000022 /* SystemSettingsView.swift */ = {isa = PBXFileReference; lastKnownFileType = sourcecode.swift; path = SystemSettingsView.swift; sourceTree = "<group>"; };
		F1A1A1D62025130100000024 /* MacroSettingsView.swift */ = {isa = PBXFileReference; lastKnownFileType = sourcecode.swift; path = MacroSettingsView.swift; sourceTree = "<group>"; };
		F1A1A1D82025130100000026 /* AboutView.swift */ = {isa = PBXFileReference; lastKnownFileType = sourcecode.swift; path = AboutView.swift; sourceTree = "<group>"; };
		F1A1A1DA2025130100000028 /* HotkeyConfigView.swift */ = {isa = PBXFileReference; lastKnownFileType = sourcecode.swift; path = HotkeyConfigView.swift; sourceTree = "<group>"; };
		F1A1A1DC2025130100000030 /* MacroEditorView.swift */ = {isa = PBXFileReference; lastKnownFileType = sourcecode.swift; path = MacroEditorView.swift; sourceTree = "<group>"; };
		F1A1A1DE2025130100000032 /* PermissionWarningView.swift */ = {isa = PBXFileReference; lastKnownFileType = sourcecode.swift; path = PermissionWarningView.swift; sourceTree = "<group>"; };
		F1A1A1E02025130100000034 /* ExcludedAppsView.swift */ = {isa = PBXFileReference; lastKnownFileType = sourcecode.swift; path = ExcludedAppsView.swift; sourceTree = "<group>"; };
		F1A1A1E22025130100000036 /* SettingsObserver.swift */ = {isa = PBXFileReference; lastKnownFileType = sourcecode.swift; path = SettingsObserver.swift; sourceTree = "<group>"; };
		F1A1A1E42025130100000038 /* ReloadHelpers.swift */ = {isa = PBXFileReference; lastKnownFileType = sourcecode.swift; path = ReloadHelpers.swift; sourceTree = "<group>"; };
		F1A1A1E62025130100000040 /* BugReportView.swift */ = {isa = PBXFileReference; lastKnownFileType = sourcecode.swift; path = BugReportView.swift; sourceTree = "<group>"; };
		F1A1A1E82025130100000042 /* UpdateBannerView.swift */ = {isa = PBXFileReference; lastKnownFileType = sourcecode.swift; path = UpdateBannerView.swift; sourceTree = "<group>"; };
		F1A1A1EA2025130100000044 /* ReleaseNotesView.swift */ = {isa = PBXFileReference; lastKnownFileType = sourcecode.swift; path = ReleaseNotesView.swift; sourceTree = "<group>"; };
		F1A1A1EC2025130100000046 /* ConvertToolView.swift */ = {isa = PBXFileReference; lastKnownFileType = sourcecode.swift; path = ConvertToolView.swift; sourceTree = "<group>"; };
		F1A1A1EE2025130100000048 /* MacroCategoryEditorView.swift */ = {isa = PBXFileReference; lastKnownFileType = sourcecode.swift; path = MacroCategoryEditorView.swift; sourceTree = "<group>"; };
		F3E15DDA71B387CD0639493F /* AppState.swift */ = {isa = PBXFileReference; includeInIndex = 1; lastKnownFileType = sourcecode.swift; path = AppState.swift; sourceTree = "<group>"; };
		F4618BC329294FEEB38FCB5A /* UIState.swift */ = {isa = PBXFileReference; lastKnownFileType = sourcecode.swift; path = UIState.swift; sourceTree = "<group>"; };
		F82534773F42A3F85B37C435 /* APIKeySetupView.swift */ = {isa = PBXFileReference; includeInIndex = 1; lastKnownFileType = sourcecode.swift; path = APIKeySetupView.swift; sourceTree = "<group>"; };
		F9A75B12CBD76A680F99BAC0 /* VietnameseTextUtilities.swift */ = {isa = PBXFileReference; includeInIndex = 1; lastKnownFileType = sourcecode.swift; path = VietnameseTextUtilities.swift; sourceTree = "<group>"; };
		FABD3529F8FFC83F017377CB /* StickerOnlyView.swift */ = {isa = PBXFileReference; includeInIndex = 1; lastKnownFileType = sourcecode.swift; path = StickerOnlyView.swift; sourceTree = "<group>"; };
		FE0F76B39F1FB9FB8C382332 /* AppModels.swift */ = {isa = PBXFileReference; includeInIndex = 1; lastKnownFileType = sourcecode.swift; path = AppModels.swift; sourceTree = "<group>"; };
		FF1BC147D8354623929675A1 /* AppListsState.swift */ = {isa = PBXFileReference; lastKnownFileType = sourcecode.swift; path = AppListsState.swift; sourceTree = "<group>"; };
/* End PBXFileReference section */

/* Begin PBXFrameworksBuildPhase section */
		232EDA5121F1B33E0085D362 /* Frameworks */ = {
			isa = PBXFrameworksBuildPhase;
			buildActionMask = 2147483647;
			files = (
				46ABBBAA2EFD67680003CBB5 /* Sparkle in Frameworks */,
				A534F32629D8B78100296F25 /* Carbon.framework in Frameworks */,
				A534F32629D8B78100296F26 /* QuartzCore.framework in Frameworks */,
				233C4A6E231F923D00DD7052 /* AppKit.framework in Frameworks */,
				23963B5022040C720097189E /* ServiceManagement.framework in Frameworks */,
				23851A0121F1C1A400E79A41 /* CoreGraphics.framework in Frameworks */,
				23851A0021F1BFA300E79A41 /* Cocoa.framework in Frameworks */,
				238519FF21F1BF8A00E79A41 /* EventKit.framework in Frameworks */,
				238519F821F1BF3C00E79A41 /* Foundation.framework in Frameworks */,
			);
			runOnlyForDeploymentPostprocessing = 0;
		};
/* End PBXFrameworksBuildPhase section */

/* Begin PBXGroup section */
		01B65F2B0AC435804B789415 /* Picker */ = {
			isa = PBXGroup;
			children = (
				572F54A2523BA1A2A21328D9 /* Components */,
				E22A72C5D5019BF42E0D80C9 /* ContentViews */,
				DFFABF16C6BB7046AE02AFAD /* FloatingPanel.swift */,
				DB70E3E828FD5E07F9695FEC /* EmojiPickerView.swift */,
				D211AB0354C9DBCE44ED2062 /* EmojiPickerManager.swift */,
			);
			path = Picker;
			sourceTree = "<group>";
		};
		0241EB3E2A7FF95BA5D86B0F /* Database */ = {
			isa = PBXGroup;
			children = (
				F9A75B12CBD76A680F99BAC0 /* VietnameseTextUtilities.swift */,
				84443821FC9E0F2616F3C783 /* VietnameseSynonyms.swift */,
				D3CC100734FFEFB3899169A6 /* EmojiDatabase.swift */,
			);
			path = Database;
			sourceTree = "<group>";
		};
		1FC54811CB424120D0DAB3AA /* Models */ = {
			isa = PBXGroup;
			children = (
				990B0144306ECDAF3CBFEA13 /* InputModels.swift */,
				D15404E79E3FAB407D4F065D /* KeyModels.swift */,
				1498B293675600E929EBB555 /* UpdateModels.swift */,
				FE0F76B39F1FB9FB8C382332 /* AppModels.swift */,
				7F8113D10F75956CFA8F2D7E /* KlipyModels.swift */,
				64A3EE8FE1AA073862B82C1A /* EmojiModels.swift */,
			);
			path = Models;
			sourceTree = "<group>";
		};
		232EDA4B21F1B33E0085D362 = {
			isa = PBXGroup;
			children = (
				46EF4FF92EEDBFD400DF8DD1 /* PHTV.icon */,
				232EDA5621F1B33E0085D362 /* PHTV */,
				238519F121F1B8E200E79A41 /* Frameworks */,
				46EF4FFB2EEDC0A200DF8DD1 /* PHTV.app */,
			);
			sourceTree = "<group>";
		};
		232EDA5621F1B33E0085D362 /* PHTV */ = {
			isa = PBXGroup;
			children = (
				E1A1A2A12025120000000011 /* Application */,
				E1A1A2A22025120000000012 /* Core */,
				E1A1A2A32025120000000013 /* Managers */,
				F1A1A2A72025130000000017 /* UI */,
				F1A1A2AA2025130000000020 /* Development */,
				46394F6D2EFA5E8F009D5194 /* Resources */,
				232EDA5D21F1B33F0085D362 /* Assets.xcassets */,
				232EDA6221F1B33F0085D362 /* Info.plist */,
				F1A1A1BF2025130000000015 /* PHTV-Bridging-Header.h */,
			);
			path = PHTV;
			sourceTree = "<group>";
		};
		238519F121F1B8E200E79A41 /* Frameworks */ = {
			isa = PBXGroup;
			children = (
				233C4A6D231F923D00DD7052 /* AppKit.framework */,
				23A984BE220ED07E000914A2 /* IOKit.framework */,
				23963B4F22040C720097189E /* ServiceManagement.framework */,
				23874B0F220160A500000BC8 /* Carbon.framework */,
				23874B10220160A500000BC9 /* QuartzCore.framework */,
				238519FD21F1BF5100E79A41 /* EventKit.framework */,
				238519FB21F1BF4900E79A41 /* Cocoa.framework */,
				238519F921F1BF4400E79A41 /* CoreGraphics.framework */,
				238519F221F1B8E200E79A41 /* Foundation.framework */,
			);
			name = Frameworks;
			sourceTree = "<group>";
		};
		23E2E4932314FD3A006CCC3E /* Engine */ = {
			isa = PBXGroup;
			children = (
				46394F582EFA5D56009D5194 /* EnglishWordDetector.h */,
				46394F592EFA5D56009D5194 /* EnglishWordDetector.cpp */,
				23E2E4962314FD3A006CCC3E /* DataType.h */,
				23E2E4942314FD3A006CCC3E /* Engine.h */,
				23E2E49A2314FD3A006CCC3E /* Engine.cpp */,
				23E2E4972314FD3A006CCC3E /* Macro.h */,
				23E2E4952314FD3A006CCC3E /* Macro.cpp */,
				23E2E49C2314FD3A006CCC3E /* SmartSwitchKey.h */,
				23E2E4982314FD3A006CCC3E /* SmartSwitchKey.cpp */,
				23E2E4992314FD3A006CCC3E /* Vietnamese.h */,
				23E2E49B2314FD3A006CCC3E /* Vietnamese.cpp */,
				233C4A71231F938800DD7052 /* ConvertTool.h */,
				233C4A6F231F937900DD7052 /* ConvertTool.cpp */,
			);
			path = Engine;
			sourceTree = "<group>";
		};
		340F4C55F4C6F0056B02F26F /* Settings */ = {
			isa = PBXGroup;
			children = (
				3275F9510DD17ABFE9A00A80 /* SettingsWindowContent.swift */,
				8C87D42C4A844B638E884513 /* SettingsWindowHelper.swift */,
				05CD94C7C42C2D520013AB28 /* SettingsWindowOpener.swift */,
				C70807CB6874B42FFE69DCBC /* SettingsNotificationObserver.swift */,
			);
			path = Settings;
			sourceTree = "<group>";
		};
		3DD52C7E92A94D766F188731 /* Services */ = {
			isa = PBXGroup;
			children = (
				AF98255BCC66A085A1BB7AF0 /* BeepManager.swift */,
				91BDAE4C737217F8B2934770 /* MenuBarIconManager.swift */,
				68D7ABD6D4D0E226B22794A2 /* MediaStorageHelper.swift */,
				8D5FAA9501C1BD2A1E0B936E /* EmojiHotkeyManager.swift */,
				77DE4E5107F853D1232E1CAE /* EmojiHotkeyBridge.swift */,
			);
			path = Services;
			sourceTree = "<group>";
		};
		46394F6D2EFA5E8F009D5194 /* Resources */ = {
			isa = PBXGroup;
			children = (
				46394F6E2EFA5E8F009D5195 /* Dictionaries */,
				46394F6F2EFA5E8F009D5196 /* Images */,
				46394F962EFAC191009D5194 /* Localization */,
			);
			path = Resources;
			sourceTree = "<group>";
		};
		46394F6E2EFA5E8F009D5195 /* Dictionaries */ = {
			isa = PBXGroup;
			children = (
				46394F802EFAC18E009D5194 /* en_dict.bin */,
				46394F812EFAC18E009D5194 /* vi_dict.bin */,
				46394F7F2EFAC18E009D5194 /* en_words.txt */,
			);
			path = Dictionaries;
			sourceTree = "<group>";
		};
		46394F6F2EFA5E8F009D5196 /* Images */ = {
			isa = PBXGroup;
			children = (
				46A5B9212F13F0B900F5FE6E /* icon.png */,
				46394F912EFAC18F009D5194 /* menubar_ui.png */,
				46394F922EFAC18F009D5194 /* PHTV_Picker_1_Emoji.png */,
				46394F932EFAC18F009D5194 /* PHTV_Picker_2_GIF.png */,
				46394F942EFAC18F009D5194 /* PHTV_Picker_3_Sticker.png */,
			);
			path = Images;
			sourceTree = "<group>";
		};
		46394F962EFAC191009D5194 /* Localization */ = {
			isa = PBXGroup;
			children = (
				46394F972EFAC191009D5195 /* vi-VN.lproj */,
			);
			path = Localization;
			sourceTree = "<group>";
		};
		46394F972EFAC191009D5195 /* vi-VN.lproj */ = {
			isa = PBXGroup;
			children = (
				46394F952EFAC190009D5194 /* Main.strings */,
			);
			path = "vi-VN.lproj";
			sourceTree = "<group>";
		};
		4FD0308313995A886D6D78C1 /* Network */ = {
			isa = PBXGroup;
			children = (
				BCA3766510F7D84A0AF64E7B /* KlipyAPIClient.swift */,
			);
			path = Network;
			sourceTree = "<group>";
		};
		572F54A2523BA1A2A21328D9 /* Components */ = {
			isa = PBXGroup;
			children = (
				5ABD4B910A480743E5362BB8 /* GIFThumbnailView.swift */,
				91463AD883518504EED880BB /* AnimatedGIFView.swift */,
				65AA6483B2A118EB4B67C1CB /* CategoryTab.swift */,
				A3ECD12D358B4A226DC87FB3 /* EmojiButton.swift */,
				A89EF9EA55C44906E5F4F5EC /* VisualEffectBlur.swift */,
				74641C96F631E9734052F9C3 /* WindowDragHandle.swift */,
			);
			path = Components;
			sourceTree = "<group>";
		};
		E1A1A2A12025120000000011 /* Application */ = {
			isa = PBXGroup;
			children = (
				46ABBBAE2EFD67B00003CBB5 /* SparkleManager.h */,
				46ABBBAF2EFD67B00003CBB5 /* SparkleManager.mm */,
				232EDA5721F1B33E0085D362 /* AppDelegate.h */,
				232EDA5821F1B33E0085D362 /* AppDelegate.mm */,
				232EDA6321F1B33F0085D362 /* main.m */,
				3B27EBB488B64D6C48DE34C7 /* PHSilentUserDriver.h */,
				1366D9FE4F6A7BBD6B32B8BE /* PHSilentUserDriver.m */,
			);
			path = Application;
			sourceTree = "<group>";
		};
		E1A1A2A22025120000000012 /* Core */ = {
			isa = PBXGroup;
			children = (
				23E2E4932314FD3A006CCC3E /* Engine */,
				E1A1A2A72025120000000017 /* Platforms */,
				E1A1A2C12025120000000030 /* Config */,
				E1A1A2C22025120000000031 /* Legacy */,
			);
			path = Core;
			sourceTree = "<group>";
		};
		E1A1A2A32025120000000013 /* Managers */ = {
			isa = PBXGroup;
			children = (
				461B0D7B2F151BB7005DF210 /* PHTVSpotlightManager.h */,
				461B0D7C2F151BB7005DF210 /* PHTVSpotlightManager.mm */,
				461B0D7D2F151BB7005DF210 /* PHTVTimingManager.h */,
				461B0D7E2F151BB7005DF210 /* PHTVTimingManager.mm */,
				461B0D722F151BAD005DF210 /* PHTVCacheManager.h */,
				461B0D732F151BAD005DF210 /* PHTVCacheManager.mm */,
				461B0D742F151BAD005DF210 /* PHTVEventSynthesisManager.h */,
				461B0D752F151BAD005DF210 /* PHTVEventSynthesisManager.mm */,
				461B0D762F151BAD005DF210 /* PHTVHotkeyManager.h */,
				461B0D772F151BAD005DF210 /* PHTVHotkeyManager.mm */,
				461B0D6C2F151B90005DF210 /* PHTVAccessibilityManager.h */,
				461B0D6D2F151B90005DF210 /* PHTVAccessibilityManager.mm */,
				461B0D6E2F151B90005DF210 /* PHTVAppDetectionManager.h */,
				461B0D6F2F151B90005DF210 /* PHTVAppDetectionManager.mm */,
				2371AAEE22FA85B200CA1B57 /* PHTV.mm */,
				2389467E21FDDC3F0030A13B /* PHTVManager.h */,
				2389467C21FDDB920030A13B /* PHTVManager.m */,
				4EE6F9D6434C477BAC2BDF4E /* PHTVBinaryIntegrity.h */,
				DC22F23BA9404436B654A651 /* PHTVBinaryIntegrity.m */,
			);
			path = Managers;
			sourceTree = "<group>";
		};
		E1A1A2A72025120000000017 /* Platforms */ = {
			isa = PBXGroup;
			children = (
				237724A5232BA3B800E92BDF /* mac.h */,
			);
			path = Platforms;
			sourceTree = "<group>";
		};
		E1A1A2C12025120000000030 /* Config */ = {
			isa = PBXGroup;
			children = (
				E1A1A1A82025120200000008 /* PHTVConfig.h */,
				E1A1A1A72025120200000007 /* PHTVConfig.m */,
				E1A1A1AB2025120200000011 /* PHTVConstants.h */,
			);
			path = Config;
			sourceTree = "<group>";
		};
		E1A1A2C22025120000000031 /* Legacy */ = {
			isa = PBXGroup;
			children = (
				23F512842336386200397988 /* MJAccessibilityUtils.h */,
				23F512832336386200397988 /* MJAccessibilityUtils.m */,
				E1A1A1AA2025120200000010 /* PHTVUtilities.h */,
				E1A1A1A92025120200000009 /* PHTVUtilities.m */,
			);
			path = Legacy;
			sourceTree = "<group>";
		};
		E22A72C5D5019BF42E0D80C9 /* ContentViews */ = {
			isa = PBXGroup;
			children = (
				B68D32C8DF8CC2C3AB495253 /* EmojiCategoriesView.swift */,
				C4CEF88A4B3F8A497ADD2444 /* GIFOnlyView.swift */,
				FABD3529F8FFC83F017377CB /* StickerOnlyView.swift */,
				63EE9D27E8009304C5EBDC2A /* UnifiedContentView.swift */,
				F82534773F42A3F85B37C435 /* APIKeySetupView.swift */,
			);
			path = ContentViews;
			sourceTree = "<group>";
		};
		ED3CB4C0EBC6444BEA98E4FB /* State */ = {
			isa = PBXGroup;
			children = (
				F3E15DDA71B387CD0639493F /* AppState.swift */,
				1273F78C8F894BE4B378851F /* InputMethodState.swift */,
				0A7F69D746974D44B4B789CF /* MacroState.swift */,
				3FEA46915A7F40CAB646023A /* SystemState.swift */,
				F4618BC329294FEEB38FCB5A /* UIState.swift */,
				FF1BC147D8354623929675A1 /* AppListsState.swift */,
			);
			path = State;
			sourceTree = "<group>";
		};
		F1A1A2A72025130000000017 /* UI */ = {
			isa = PBXGroup;
			children = (
				F1A1A1B22025130000000002 /* PHTVApp.swift */,
				F1A1A1BA2025130000000010 /* AppDelegate+SwiftUI.swift */,
				F1A1A2A82025130000000018 /* Views */,
				F1A1A2A92025130000000019 /* Controllers */,
				F1A1A2AB2025130000000021 /* Utilities */,
				1FC54811CB424120D0DAB3AA /* Models */,
				3DD52C7E92A94D766F188731 /* Services */,
				4FD0308313995A886D6D78C1 /* Network */,
				0241EB3E2A7FF95BA5D86B0F /* Database */,
				01B65F2B0AC435804B789415 /* Picker */,
				340F4C55F4C6F0056B02F26F /* Settings */,
				ED3CB4C0EBC6444BEA98E4FB /* State */,
			);
			path = UI;
			sourceTree = "<group>";
		};
		F1A1A2A82025130000000018 /* Views */ = {
			isa = PBXGroup;
			children = (
				F1A1A1B42025130000000004 /* SettingsView.swift */,
				F1A1A1C22025130000000018 /* StatusBarMenuView.swift */,
				F1A1A2AC2025130100000035 /* Settings */,
				F1A1A2AD2025130100000036 /* Components */,
			);
			path = Views;
			sourceTree = "<group>";
		};
		F1A1A2A92025130000000019 /* Controllers */ = {
			isa = PBXGroup;
			children = (
				F1A1A1B62025130000000006 /* StatusBarController.swift */,
				F1A1A1B82025130000000008 /* WindowController.swift */,
			);
			path = Controllers;
			sourceTree = "<group>";
		};
		F1A1A2AA2025130000000020 /* Development */ = {
			isa = PBXGroup;
			children = (
				46394F872EFC8C7B009D5195 /* ClaudeCodePatcher.swift */,
				F1A1A1BE2025130000000014 /* PreviewHelpers.swift */,
				8E558960C4348BCA1ABE9EB /* HotReloadManager.swift */,
			);
			path = Development;
			sourceTree = "<group>";
		};
		F1A1A2AB2025130000000021 /* Utilities */ = {
			isa = PBXGroup;
			children = (
				46394F842EFC8C7B009D5194 /* PHTVLogger.swift */,
				F1A1A1BC2025130000000012 /* ViewModifiers.swift */,
				F1A1A1E22025130100000036 /* SettingsObserver.swift */,
				F1A1A1E42025130100000038 /* ReloadHelpers.swift */,
				8E55895C7C4348BCA1ABE9E7 /* ColorExtension.swift */,
				8E55895D7C4348BCA1ABE9E8 /* BackendSyncOptimizer.swift */,
				8E55895E7C4348BCA1ABE9E9 /* BeepManager.swift */,
				B8CED3963BA54D7AB9CEFE6E /* Constants.swift */,
			);
			path = Utilities;
			sourceTree = "<group>";
		};
		F1A1A2AC2025130100000035 /* Settings */ = {
			isa = PBXGroup;
			children = (
				D3CCE6686B954309A3B65AAD /* HotkeySettingsView.swift */,
				F1A1A1D22025130100000020 /* TypingSettingsView.swift */,
				F1A1A1D42025130100000022 /* SystemSettingsView.swift */,
				F1A1A1D62025130100000024 /* MacroSettingsView.swift */,
				F1A1A1E62025130100000040 /* BugReportView.swift */,
				F1A1A1D82025130100000026 /* AboutView.swift */,
				46413AED2EEF7EB300278BFB /* update.json */,
				C2DA720371C3BD130F878C29 /* AppsSettingsView.swift */,
				72B4F8A52F8DD55EF170821A /* CompatibilitySettingsView.swift */,
			);
			path = Settings;
			sourceTree = "<group>";
		};
		F1A1A2AD2025130100000036 /* Components */ = {
			isa = PBXGroup;
			children = (
				461048612EF2DF22005AF5FC /* SendKeyStepByStepAppsView.swift */,
				F1A1A1DA2025130100000028 /* HotkeyConfigView.swift */,
				F1A1A1DC2025130100000030 /* MacroEditorView.swift */,
				F1A1A1EE2025130100000048 /* MacroCategoryEditorView.swift */,
				F1A1A1DE2025130100000032 /* PermissionWarningView.swift */,
				F1A1A1E02025130100000034 /* ExcludedAppsView.swift */,
				F1A1A1E82025130100000042 /* UpdateBannerView.swift */,
				F1A1A1EA2025130100000044 /* ReleaseNotesView.swift */,
				F1A1A1EC2025130100000046 /* ConvertToolView.swift */,
				8E55895F7C4348BCA1ABE9EA /* SettingsSliderRow.swift */,
				41D31951BBF6C6D13433ADC4 /* TCCResetInstructionsView.swift */,
			);
			path = Components;
			sourceTree = "<group>";
		};
/* End PBXGroup section */

/* Begin PBXNativeTarget section */
		232EDA5321F1B33E0085D362 /* PHTV */ = {
			isa = PBXNativeTarget;
			buildConfigurationList = 232EDA6821F1B33F0085D362 /* Build configuration list for PBXNativeTarget "PHTV" */;
			buildPhases = (
				232EDA5021F1B33E0085D362 /* Sources */,
				232EDA5121F1B33E0085D362 /* Frameworks */,
				232EDA5221F1B33E0085D362 /* Resources */,
				237559C4220417DD00FB8CB9 /* CopyFiles */,
			);
			buildRules = (
			);
			dependencies = (
			);
			name = PHTV;
			productName = ModernKey;
			productReference = 46EF4FFB2EEDC0A200DF8DD1 /* PHTV.app */;
			productType = "com.apple.product-type.application";
		};
/* End PBXNativeTarget section */

/* Begin PBXProject section */
		232EDA4C21F1B33E0085D362 /* Project object */ = {
			isa = PBXProject;
			attributes = {
				BuildIndependentTargetsInParallel = YES;
				LastUpgradeCheck = 2620;
				ORGANIZATIONNAME = "Phạm Hùng Tiến";
				TargetAttributes = {
					232EDA5321F1B33E0085D362 = {
						CreatedOnToolsVersion = 10.1;
						SystemCapabilities = {
							com.apple.Sandbox = {
								enabled = 0;
							};
						};
					};
				};
			};
			buildConfigurationList = 232EDA4F21F1B33E0085D362 /* Build configuration list for PBXProject "PHTV" */;
			compatibilityVersion = "Xcode 9.3";
			developmentRegion = en;
			hasScannedForEncodings = 0;
			knownRegions = (
				en,
				Base,
			);
			mainGroup = 232EDA4B21F1B33E0085D362;
			packageReferences = (
				46ABBBA82EFD67680003CBB5 /* XCRemoteSwiftPackageReference "Sparkle" */,
			);
			productRefGroup = 232EDA4B21F1B33E0085D362;
			projectDirPath = "";
			projectRoot = "";
			targets = (
				232EDA5321F1B33E0085D362 /* PHTV */,
			);
		};
/* End PBXProject section */

/* Begin PBXResourcesBuildPhase section */
		232EDA5221F1B33E0085D362 /* Resources */ = {
			isa = PBXResourcesBuildPhase;
			buildActionMask = 2147483647;
			files = (
				46EF4FFA2EEDBFD400DF8DD1 /* PHTV.icon in Resources */,
				232EDA5E21F1B33F0085D362 /* Assets.xcassets in Resources */,
				46394F822EFAC18E009D5194 /* vi_dict.bin in Resources */,
				46394F832EFAC18E009D5194 /* en_dict.bin in Resources */,
				46394F7E2EFAC18E009D5194 /* en_words.txt in Resources */,
				46394FA12EFAC18F009D5194 /* menubar_ui.png in Resources */,
				46394FA22EFAC18F009D5194 /* PHTV_Picker_1_Emoji.png in Resources */,
				46394FA32EFAC18F009D5194 /* PHTV_Picker_2_GIF.png in Resources */,
				46A5B9222F13F0B900F5FE6E /* icon.png in Resources */,
				46394FA42EFAC18F009D5194 /* PHTV_Picker_3_Sticker.png in Resources */,
				46394FA52EFAC190009D5194 /* Main.strings in Resources */,
				46413AEE2EEF7EB300278BFB /* update.json in Resources */,
			);
			runOnlyForDeploymentPostprocessing = 0;
		};
/* End PBXResourcesBuildPhase section */

/* Begin PBXSourcesBuildPhase section */
		232EDA5021F1B33E0085D362 /* Sources */ = {
			isa = PBXSourcesBuildPhase;
			buildActionMask = 2147483647;
			files = (
				EF5EC6D461F146F7BB7B771B /* ColorExtension.swift in Sources */,
				23E2E49F2314FD3A006CCC3E /* Engine.cpp in Sources */,
				23E2E49E2314FD3A006CCC3E /* SmartSwitchKey.cpp in Sources */,
				23F512852336386200397988 /* MJAccessibilityUtils.m in Sources */,
				2389467D21FDDB920030A13B /* PHTVManager.m in Sources */,
				94655D583046479AA9515786 /* PHTVBinaryIntegrity.m in Sources */,
				23E2E4A02314FD3A006CCC3E /* Vietnamese.cpp in Sources */,
				461048622EF2DF22005AF5FC /* SendKeyStepByStepAppsView.swift in Sources */,
				2371AAEF22FA85B200CA1B57 /* PHTV.mm in Sources */,
				23E2E49D2314FD3A006CCC3E /* Macro.cpp in Sources */,
				233C4A70231F937900DD7052 /* ConvertTool.cpp in Sources */,
				232EDA5921F1B33E0085D362 /* AppDelegate.mm in Sources */,
				E1A1A1A52025120200000005 /* PHTVConfig.m in Sources */,
				E1A1A1A62025120200000006 /* PHTVUtilities.m in Sources */,
				F1A1A1B12025130000000001 /* PHTVApp.swift in Sources */,
				F1A1A1B32025130000000003 /* SettingsView.swift in Sources */,
				F1A1A1B52025130000000005 /* StatusBarController.swift in Sources */,
				F1A1A1B72025130000000007 /* WindowController.swift in Sources */,
				46394F852EFC8C7B009D5194 /* PHTVLogger.swift in Sources */,
				46394F862EFC8C7B009D5195 /* ClaudeCodePatcher.swift in Sources */,
				F1A1A1B92025130000000009 /* AppDelegate+SwiftUI.swift in Sources */,
				46394F5A2EFA5D56009D5194 /* EnglishWordDetector.cpp in Sources */,
				F1A1A1BB2025130000000011 /* ViewModifiers.swift in Sources */,
				F1A1A1BD2025130000000013 /* PreviewHelpers.swift in Sources */,
				F1A1A1C12025130000000017 /* StatusBarMenuView.swift in Sources */,
				F1A1A1D12025130100000019 /* TypingSettingsView.swift in Sources */,
				F1A1A1D32025130100000021 /* SystemSettingsView.swift in Sources */,
				F1A1A1D52025130100000023 /* MacroSettingsView.swift in Sources */,
				F1A1A1D72025130100000025 /* AboutView.swift in Sources */,
				F1A1A1E52025130100000039 /* BugReportView.swift in Sources */,
				F1A1A1D92025130100000027 /* HotkeyConfigView.swift in Sources */,
				F1A1A1DB2025130100000029 /* MacroEditorView.swift in Sources */,
				F1A1A1ED2025130100000047 /* MacroCategoryEditorView.swift in Sources */,
				F1A1A1DD2025130100000031 /* PermissionWarningView.swift in Sources */,
				F1A1A1DF2025130100000033 /* ExcludedAppsView.swift in Sources */,
				F1A1A1E72025130100000041 /* UpdateBannerView.swift in Sources */,
				F1A1A1E92025130100000043 /* ReleaseNotesView.swift in Sources */,
				F1A1A1EB2025130100000045 /* ConvertToolView.swift in Sources */,
				461B0D782F151BAD005DF210 /* PHTVCacheManager.mm in Sources */,
				461B0D792F151BAD005DF210 /* PHTVEventSynthesisManager.mm in Sources */,
				461B0D7A2F151BAD005DF210 /* PHTVHotkeyManager.mm in Sources */,
				F1A1A1E12025130100000035 /* SettingsObserver.swift in Sources */,
				F1A1A1E32025130100000037 /* ReloadHelpers.swift in Sources */,
				46ABBBB02EFD67B00003CBB5 /* SparkleManager.mm in Sources */,
				015CCFFEF0134F81976FCAB6 /* HotkeySettingsView.swift in Sources */,
				16B982F63741372BF590C264 /* PHSilentUserDriver.m in Sources */,
				B130517648548D01FFC0F52C /* AppsSettingsView.swift in Sources */,
				0D5084B3411F5119D468D80E /* CompatibilitySettingsView.swift in Sources */,
				461B0D702F151B90005DF210 /* PHTVAccessibilityManager.mm in Sources */,
				461B0D712F151B90005DF210 /* PHTVAppDetectionManager.mm in Sources */,
				2CA3F1C734453D6C382C9FD9 /* InputModels.swift in Sources */,
				1A2F2DF299D4FD6F60AAB963 /* KeyModels.swift in Sources */,
				20A30E70D92BD4559B80436F /* UpdateModels.swift in Sources */,
				D357A0503308011A99A4C950 /* AppModels.swift in Sources */,
				71156465A7A93BA70CE4B34A /* KlipyModels.swift in Sources */,
				C4961E0947A9379AEC307E96 /* EmojiModels.swift in Sources */,
				D357BD38FFDBA314DC771E23 /* BeepManager.swift in Sources */,
				C4B0D93C0BD03698D158FAFF /* MenuBarIconManager.swift in Sources */,
				3530750AF0ABC7A8ABF8B48A /* MediaStorageHelper.swift in Sources */,
				811E70BC3AACAA2FEEB531B3 /* EmojiHotkeyManager.swift in Sources */,
				7CD0F7C9799435D2137792A1 /* EmojiHotkeyBridge.swift in Sources */,
				5EE57A9BB919C44652062797 /* KlipyAPIClient.swift in Sources */,
				F28A6AB4C40769F607E59F7B /* VietnameseTextUtilities.swift in Sources */,
				582F22823AB2122EA8CC0172 /* VietnameseSynonyms.swift in Sources */,
				7E8FC7E86DE2E6DFF24E2FA5 /* EmojiDatabase.swift in Sources */,
				E0128285999F5C12524AB87C /* FloatingPanel.swift in Sources */,
				C0CE0F8F502340D96361B721 /* EmojiPickerView.swift in Sources */,
				0F415974F6B1D1BF7401695B /* EmojiPickerManager.swift in Sources */,
				8493C732A2DC212C03C5F6A4 /* GIFThumbnailView.swift in Sources */,
				18A38599C93D75F8363E979C /* AnimatedGIFView.swift in Sources */,
				B3F6294A1AB68D85BEAD9932 /* CategoryTab.swift in Sources */,
				66A3D739021BD8350A76029A /* EmojiButton.swift in Sources */,
				D05EB41CB955ED038072EA12 /* VisualEffectBlur.swift in Sources */,
				BA360903220983A511EF90E3 /* WindowDragHandle.swift in Sources */,
				ECFB9B9C23FD05660CDBB24E /* EmojiCategoriesView.swift in Sources */,
				11F95F0F93E3770C57A5D9C0 /* GIFOnlyView.swift in Sources */,
				CCE359D81044723B047F005C /* StickerOnlyView.swift in Sources */,
				62C8CE4ED1A5A22915ABA918 /* UnifiedContentView.swift in Sources */,
				A541BC9447C9FAB86E11112C /* APIKeySetupView.swift in Sources */,
				8FE65B27C458CAB478FFE025 /* SettingsWindowContent.swift in Sources */,
				65C45B7195EC9D7105F79A2D /* SettingsWindowHelper.swift in Sources */,
				F15A1682052C0E19BCB012E8 /* SettingsWindowOpener.swift in Sources */,
				82AEA01829CE01145F535AB7 /* SettingsNotificationObserver.swift in Sources */,
				020D2C9970888E364BF34981 /* AppState.swift in Sources */,
				3FA00BB1220A49AFAB1F902A /* InputMethodState.swift in Sources */,
				55FC7DCD65CF4B5AB16EB55E /* MacroState.swift in Sources */,
				461B0D7F2F151BB7005DF210 /* PHTVSpotlightManager.mm in Sources */,
				461B0D802F151BB7005DF210 /* PHTVTimingManager.mm in Sources */,
				599D4DAFA64E4625A7FC223A /* SystemState.swift in Sources */,
				97FEE5D3C0A94531A7BFA0AF /* UIState.swift in Sources */,
				AB3EE4AF43F64525BCFCE06A /* AppListsState.swift in Sources */,
				24999C8F7B5E4738863DF5ED /* Constants.swift in Sources */,
				DECF49E1A8EDA7C0FA6D7030 /* TCCResetInstructionsView.swift in Sources */,
			);
			runOnlyForDeploymentPostprocessing = 0;
		};
/* End PBXSourcesBuildPhase section */

/* Begin XCBuildConfiguration section */
		232EDA6621F1B33F0085D362 /* Debug */ = {
			isa = XCBuildConfiguration;
			buildSettings = {
				ALWAYS_SEARCH_USER_PATHS = NO;
				CLANG_ANALYZER_LOCALIZABILITY_NONLOCALIZED = YES;
				CLANG_ANALYZER_NONNULL = YES;
				CLANG_ANALYZER_NUMBER_OBJECT_CONVERSION = YES_AGGRESSIVE;
				CLANG_CXX_LANGUAGE_STANDARD = "gnu++14";
				CLANG_CXX_LIBRARY = "libc++";
				CLANG_ENABLE_MODULES = YES;
				CLANG_ENABLE_OBJC_ARC = YES;
				CLANG_ENABLE_OBJC_WEAK = YES;
				CLANG_WARN_BLOCK_CAPTURE_AUTORELEASING = YES;
				CLANG_WARN_BOOL_CONVERSION = YES;
				CLANG_WARN_COMMA = YES;
				CLANG_WARN_CONSTANT_CONVERSION = YES;
				CLANG_WARN_DEPRECATED_OBJC_IMPLEMENTATIONS = YES;
				CLANG_WARN_DIRECT_OBJC_ISA_USAGE = YES_ERROR;
				CLANG_WARN_DOCUMENTATION_COMMENTS = YES;
				CLANG_WARN_EMPTY_BODY = YES;
				CLANG_WARN_ENUM_CONVERSION = YES;
				CLANG_WARN_INFINITE_RECURSION = YES;
				CLANG_WARN_INT_CONVERSION = YES;
				CLANG_WARN_NON_LITERAL_NULL_CONVERSION = YES;
				CLANG_WARN_OBJC_IMPLICIT_RETAIN_SELF = YES;
				CLANG_WARN_OBJC_LITERAL_CONVERSION = YES;
				CLANG_WARN_OBJC_ROOT_CLASS = YES_ERROR;
				CLANG_WARN_QUOTED_INCLUDE_IN_FRAMEWORK_HEADER = YES;
				CLANG_WARN_RANGE_LOOP_ANALYSIS = YES;
				CLANG_WARN_STRICT_PROTOTYPES = YES;
				CLANG_WARN_SUSPICIOUS_MOVE = YES;
				CLANG_WARN_UNGUARDED_AVAILABILITY = YES_AGGRESSIVE;
				CLANG_WARN_UNREACHABLE_CODE = YES;
				CLANG_WARN__DUPLICATE_METHOD_MATCH = YES;
				CODE_SIGN_IDENTITY = "-";
				COPY_PHASE_STRIP = NO;
				DEAD_CODE_STRIPPING = YES;
				DEBUG_INFORMATION_FORMAT = dwarf;
				DEVELOPMENT_TEAM = "";
				ENABLE_STRICT_OBJC_MSGSEND = YES;
				ENABLE_TESTABILITY = YES;
				ENABLE_USER_SCRIPT_SANDBOXING = YES;
				GCC_C_LANGUAGE_STANDARD = gnu11;
				GCC_DYNAMIC_NO_PIC = NO;
				GCC_NO_COMMON_BLOCKS = YES;
				GCC_OPTIMIZATION_LEVEL = 0;
				GCC_PREPROCESSOR_DEFINITIONS = (
					"DEBUG=1",
					"$(inherited)",
				);
				GCC_WARN_64_TO_32_BIT_CONVERSION = YES;
				GCC_WARN_ABOUT_RETURN_TYPE = YES_ERROR;
				GCC_WARN_UNDECLARED_SELECTOR = YES;
				GCC_WARN_UNINITIALIZED_AUTOS = YES_AGGRESSIVE;
				GCC_WARN_UNUSED_FUNCTION = YES;
				GCC_WARN_UNUSED_VARIABLE = YES;
				MACOSX_DEPLOYMENT_TARGET = 13.0;
				MTL_ENABLE_DEBUG_INFO = INCLUDE_SOURCE;
				MTL_FAST_MATH = YES;
				ONLY_ACTIVE_ARCH = NO;
				SDKROOT = macosx;
				STRING_CATALOG_GENERATE_SYMBOLS = YES;
				SWIFT_VERSION = 6.0;
			};
			name = Debug;
		};
		232EDA6721F1B33F0085D362 /* Release */ = {
			isa = XCBuildConfiguration;
			buildSettings = {
				ALWAYS_SEARCH_USER_PATHS = NO;
				CLANG_ANALYZER_LOCALIZABILITY_NONLOCALIZED = YES;
				CLANG_ANALYZER_NONNULL = YES;
				CLANG_ANALYZER_NUMBER_OBJECT_CONVERSION = YES_AGGRESSIVE;
				CLANG_CXX_LANGUAGE_STANDARD = "gnu++14";
				CLANG_CXX_LIBRARY = "libc++";
				CLANG_ENABLE_MODULES = YES;
				CLANG_ENABLE_OBJC_ARC = YES;
				CLANG_ENABLE_OBJC_WEAK = YES;
				CLANG_WARN_BLOCK_CAPTURE_AUTORELEASING = YES;
				CLANG_WARN_BOOL_CONVERSION = YES;
				CLANG_WARN_COMMA = YES;
				CLANG_WARN_CONSTANT_CONVERSION = YES;
				CLANG_WARN_DEPRECATED_OBJC_IMPLEMENTATIONS = YES;
				CLANG_WARN_DIRECT_OBJC_ISA_USAGE = YES_ERROR;
				CLANG_WARN_DOCUMENTATION_COMMENTS = YES;
				CLANG_WARN_EMPTY_BODY = YES;
				CLANG_WARN_ENUM_CONVERSION = YES;
				CLANG_WARN_INFINITE_RECURSION = YES;
				CLANG_WARN_INT_CONVERSION = YES;
				CLANG_WARN_NON_LITERAL_NULL_CONVERSION = YES;
				CLANG_WARN_OBJC_IMPLICIT_RETAIN_SELF = YES;
				CLANG_WARN_OBJC_LITERAL_CONVERSION = YES;
				CLANG_WARN_OBJC_ROOT_CLASS = YES_ERROR;
				CLANG_WARN_QUOTED_INCLUDE_IN_FRAMEWORK_HEADER = YES;
				CLANG_WARN_RANGE_LOOP_ANALYSIS = YES;
				CLANG_WARN_STRICT_PROTOTYPES = YES;
				CLANG_WARN_SUSPICIOUS_MOVE = YES;
				CLANG_WARN_UNGUARDED_AVAILABILITY = YES_AGGRESSIVE;
				CLANG_WARN_UNREACHABLE_CODE = YES;
				CLANG_WARN__DUPLICATE_METHOD_MATCH = YES;
				CODE_SIGN_IDENTITY = "-";
				COPY_PHASE_STRIP = NO;
				DEAD_CODE_STRIPPING = YES;
				DEBUG_INFORMATION_FORMAT = "dwarf-with-dsym";
				DEVELOPMENT_TEAM = "";
				ENABLE_NS_ASSERTIONS = NO;
				ENABLE_STRICT_OBJC_MSGSEND = YES;
				ENABLE_USER_SCRIPT_SANDBOXING = YES;
				GCC_C_LANGUAGE_STANDARD = gnu11;
				GCC_NO_COMMON_BLOCKS = YES;
				GCC_WARN_64_TO_32_BIT_CONVERSION = YES;
				GCC_WARN_ABOUT_RETURN_TYPE = YES_ERROR;
				GCC_WARN_UNDECLARED_SELECTOR = YES;
				GCC_WARN_UNINITIALIZED_AUTOS = YES_AGGRESSIVE;
				GCC_WARN_UNUSED_FUNCTION = YES;
				GCC_WARN_UNUSED_VARIABLE = YES;
				MACOSX_DEPLOYMENT_TARGET = 13.0;
				MTL_ENABLE_DEBUG_INFO = NO;
				MTL_FAST_MATH = YES;
				ONLY_ACTIVE_ARCH = NO;
				SDKROOT = macosx;
				STRING_CATALOG_GENERATE_SYMBOLS = YES;
				SWIFT_COMPILATION_MODE = wholemodule;
				SWIFT_VERSION = 6.0;
			};
			name = Release;
		};
		232EDA6921F1B33F0085D362 /* Debug */ = {
			isa = XCBuildConfiguration;
			buildSettings = {
				ASSETCATALOG_COMPILER_APPICON_NAME = PHTV;
				ASSETCATALOG_COMPILER_INCLUDE_ALL_APPICON_ASSETS = YES;
				AUTOMATION_APPLE_EVENTS = NO;
				CLANG_ENABLE_MODULES = NO;
				CODE_SIGN_ALLOW_ENTITLEMENTS_MODIFICATION = YES;
				CODE_SIGN_ENTITLEMENTS = PHTV/PHTV.entitlements;
				CODE_SIGN_IDENTITY = "-";
				"CODE_SIGN_IDENTITY[sdk=macosx*]" = "Apple Development";
				CODE_SIGN_STYLE = Automatic;
				COMBINE_HIDPI_IMAGES = YES;
				CURRENT_PROJECT_VERSION = 15;
				DEAD_CODE_STRIPPING = YES;
				DEVELOPMENT_TEAM = F9XPW22T8M;
				ENABLE_HARDENED_RUNTIME = YES;
				ENABLE_RESOURCE_ACCESS_AUDIO_INPUT = NO;
				ENABLE_RESOURCE_ACCESS_CALENDARS = NO;
				ENABLE_RESOURCE_ACCESS_CAMERA = NO;
				ENABLE_RESOURCE_ACCESS_CONTACTS = NO;
				ENABLE_RESOURCE_ACCESS_LOCATION = NO;
				ENABLE_RESOURCE_ACCESS_PHOTO_LIBRARY = NO;
				HEADER_SEARCH_PATHS = "$(SRCROOT)/PHTV/Core/Engine";
				INFOPLIST_FILE = PHTV/Info.plist;
				INFOPLIST_KEY_LSApplicationCategoryType = "public.app-category.utilities";
				LD_RUNPATH_SEARCH_PATHS = (
					"$(inherited)",
					"@executable_path/../Frameworks",
				);
				MACOSX_DEPLOYMENT_TARGET = 13.0;
				MARKETING_VERSION = 1.3.8;
				PRODUCT_BUNDLE_IDENTIFIER = com.phamhungtien.phtv;
				PRODUCT_NAME = "$(TARGET_NAME)";
				PROVISIONING_PROFILE_SPECIFIER = "";
				RUNTIME_EXCEPTION_ALLOW_DYLD_ENVIRONMENT_VARIABLES = NO;
				RUNTIME_EXCEPTION_ALLOW_JIT = NO;
				RUNTIME_EXCEPTION_ALLOW_UNSIGNED_EXECUTABLE_MEMORY = NO;
				RUNTIME_EXCEPTION_DEBUGGING_TOOL = NO;
				RUNTIME_EXCEPTION_DISABLE_EXECUTABLE_PAGE_PROTECTION = NO;
				RUNTIME_EXCEPTION_DISABLE_LIBRARY_VALIDATION = NO;
				SWIFT_OBJC_BRIDGING_HEADER = "PHTV/PHTV-Bridging-Header.h";
			};
			name = Debug;
		};
		232EDA6A21F1B33F0085D362 /* Release */ = {
			isa = XCBuildConfiguration;
			buildSettings = {
				ASSETCATALOG_COMPILER_APPICON_NAME = PHTV;
				ASSETCATALOG_COMPILER_INCLUDE_ALL_APPICON_ASSETS = YES;
				AUTOMATION_APPLE_EVENTS = NO;
				CLANG_ENABLE_MODULES = NO;
				CODE_SIGN_ALLOW_ENTITLEMENTS_MODIFICATION = YES;
				CODE_SIGN_ENTITLEMENTS = PHTV/PHTV.entitlements;
				CODE_SIGN_IDENTITY = "-";
				"CODE_SIGN_IDENTITY[sdk=macosx*]" = "Apple Development";
				CODE_SIGN_STYLE = Automatic;
				COMBINE_HIDPI_IMAGES = YES;
				CURRENT_PROJECT_VERSION = 15;
				DEAD_CODE_STRIPPING = YES;
				DEVELOPMENT_TEAM = F9XPW22T8M;
				ENABLE_HARDENED_RUNTIME = YES;
				ENABLE_RESOURCE_ACCESS_AUDIO_INPUT = NO;
				ENABLE_RESOURCE_ACCESS_CALENDARS = NO;
				ENABLE_RESOURCE_ACCESS_CAMERA = NO;
				ENABLE_RESOURCE_ACCESS_CONTACTS = NO;
				ENABLE_RESOURCE_ACCESS_LOCATION = NO;
				ENABLE_RESOURCE_ACCESS_PHOTO_LIBRARY = NO;
				HEADER_SEARCH_PATHS = "$(SRCROOT)/PHTV/Core/Engine";
				INFOPLIST_FILE = PHTV/Info.plist;
				INFOPLIST_KEY_LSApplicationCategoryType = "public.app-category.utilities";
				LD_RUNPATH_SEARCH_PATHS = (
					"$(inherited)",
					"@executable_path/../Frameworks",
				);
				MACOSX_DEPLOYMENT_TARGET = 13.0;
				MARKETING_VERSION = 1.3.8;
				PRODUCT_BUNDLE_IDENTIFIER = com.phamhungtien.phtv;
				PRODUCT_NAME = "$(TARGET_NAME)";
				PROVISIONING_PROFILE_SPECIFIER = "";
				RUNTIME_EXCEPTION_ALLOW_DYLD_ENVIRONMENT_VARIABLES = NO;
				RUNTIME_EXCEPTION_ALLOW_JIT = NO;
				RUNTIME_EXCEPTION_ALLOW_UNSIGNED_EXECUTABLE_MEMORY = NO;
				RUNTIME_EXCEPTION_DEBUGGING_TOOL = NO;
				RUNTIME_EXCEPTION_DISABLE_EXECUTABLE_PAGE_PROTECTION = NO;
				RUNTIME_EXCEPTION_DISABLE_LIBRARY_VALIDATION = NO;
				SWIFT_OBJC_BRIDGING_HEADER = "PHTV/PHTV-Bridging-Header.h";
			};
			name = Release;
		};
/* End XCBuildConfiguration section */

/* Begin XCConfigurationList section */
		232EDA4F21F1B33E0085D362 /* Build configuration list for PBXProject "PHTV" */ = {
			isa = XCConfigurationList;
			buildConfigurations = (
				232EDA6621F1B33F0085D362 /* Debug */,
				232EDA6721F1B33F0085D362 /* Release */,
			);
			defaultConfigurationIsVisible = 0;
			defaultConfigurationName = Release;
		};
		232EDA6821F1B33F0085D362 /* Build configuration list for PBXNativeTarget "PHTV" */ = {
			isa = XCConfigurationList;
			buildConfigurations = (
				232EDA6921F1B33F0085D362 /* Debug */,
				232EDA6A21F1B33F0085D362 /* Release */,
			);
			defaultConfigurationIsVisible = 0;
			defaultConfigurationName = Release;
		};
/* End XCConfigurationList section */

/* Begin XCRemoteSwiftPackageReference section */
		46ABBBA82EFD67680003CBB5 /* XCRemoteSwiftPackageReference "Sparkle" */ = {
			isa = XCRemoteSwiftPackageReference;
			repositoryURL = "https://github.com/sparkle-project/Sparkle";
			requirement = {
				kind = upToNextMajorVersion;
				minimumVersion = 2.8.1;
			};
		};
/* End XCRemoteSwiftPackageReference section */

/* Begin XCSwiftPackageProductDependency section */
		46ABBBA92EFD67680003CBB5 /* Sparkle */ = {
			isa = XCSwiftPackageProductDependency;
			package = 46ABBBA82EFD67680003CBB5 /* XCRemoteSwiftPackageReference "Sparkle" */;
			productName = Sparkle;
		};
/* End XCSwiftPackageProductDependency section */
	};
	rootObject = 232EDA4C21F1B33E0085D362 /* Project object */;
}
